// !$*UTF8*$!
{
	archiveVersion = 1;
	classes = {
	};
	objectVersion = 46;
	objects = {

/* Begin PBXBuildFile section */
		8322BF821B83812500A890C9 /* PWActionNotifications.m in Sources */ = {isa = PBXBuildFile; fileRef = 8322BF811B83812500A890C9 /* PWActionNotifications.m */; };
		8322BF961B83C6F400A890C9 /* PWSmartSearchBar.m in Sources */ = {isa = PBXBuildFile; fileRef = 8322BF951B83C6F400A890C9 /* PWSmartSearchBar.m */; };
		83480E941B8351BF00A33030 /* PWWikiContentView.m in Sources */ = {isa = PBXBuildFile; fileRef = 83480E931B8351BF00A33030 /* PWWikiContentView.m */; };
		83480E971B83530C00A33030 /* PWSidebarTabsTable.m in Sources */ = {isa = PBXBuildFile; fileRef = 83480E961B83530C00A33030 /* PWSidebarTabsTable.m */; };
		83480E9A1B83532D00A33030 /* PWSidebarTabsTableCell.m in Sources */ = {isa = PBXBuildFile; fileRef = 83480E991B83532D00A33030 /* PWSidebarTabsTableCell.m */; };
		83480E9D1B83589900A33030 /* PWSplitView.m in Sources */ = {isa = PBXBuildFile; fileRef = 83480E9C1B83589900A33030 /* PWSplitView.m */; };
		83480EA01B83728000A33030 /* PWSidebarTabsTableController.m in Sources */ = {isa = PBXBuildFile; fileRef = 83480E9F1B83728000A33030 /* PWSidebarTabsTableController.m */; };
		83480EA61B837D4500A33030 /* PWBrain.m in Sources */ = {isa = PBXBuildFile; fileRef = 83480EA51B837D4500A33030 /* PWBrain.m */; };
		83509BCF1B8629DF00C4F454 /* PWSearchResultsAttachPanel.m in Sources */ = {isa = PBXBuildFile; fileRef = 83509BCE1B8629DF00C4F454 /* PWSearchResultsAttachPanel.m */; };
		83509BD11B862A0400C4F454 /* PWSearchResultsAttachPanel.xib in Resources */ = {isa = PBXBuildFile; fileRef = 83509BD01B862A0400C4F454 /* PWSearchResultsAttachPanel.xib */; };
		83509BD41B862A1400C4F454 /* PWSearchResultsAttachPanelController.m in Sources */ = {isa = PBXBuildFile; fileRef = 83509BD31B862A1400C4F454 /* PWSearchResultsAttachPanelController.m */; };
		83509BD71B86388E00C4F454 /* NSObject+PWSmartSearchBar.m in Sources */ = {isa = PBXBuildFile; fileRef = 83509BD61B86388E00C4F454 /* NSObject+PWSmartSearchBar.m */; };
		83509BDA1B864A9100C4F454 /* PWSearchResultsTableView.m in Sources */ = {isa = PBXBuildFile; fileRef = 83509BD91B864A9100C4F454 /* PWSearchResultsTableView.m */; };
		83509BDD1B864B1300C4F454 /* PWSearchResultsTableCellView.m in Sources */ = {isa = PBXBuildFile; fileRef = 83509BDC1B864B1300C4F454 /* PWSearchResultsTableCellView.m */; };
		83509BE01B870D0500C4F454 /* PWSmartSearchBarController.m in Sources */ = {isa = PBXBuildFile; fileRef = 83509BDF1B870D0500C4F454 /* PWSmartSearchBarController.m */; };
		83A2FBB31B80D76B00939452 /* _WikiJSON.m in Sources */ = {isa = PBXBuildFile; fileRef = 83A2FB9C1B80D76B00939452 /* _WikiJSON.m */; };
		83A2FBB41B80D76B00939452 /* NSDate+Wikikit.m in Sources */ = {isa = PBXBuildFile; fileRef = 83A2FB9E1B80D76B00939452 /* NSDate+Wikikit.m */; };
		83A2FBB51B80D76B00939452 /* WikiConstants.m in Sources */ = {isa = PBXBuildFile; fileRef = 83A2FBA01B80D76B00939452 /* WikiConstants.m */; };
		83A2FBB61B80D76B00939452 /* WikiContinuation.m in Sources */ = {isa = PBXBuildFile; fileRef = 83A2FBA21B80D76B00939452 /* WikiContinuation.m */; };
		83A2FBB71B80D76B00939452 /* WikiEngine.m in Sources */ = {isa = PBXBuildFile; fileRef = 83A2FBA41B80D76B00939452 /* WikiEngine.m */; };
		83A2FBB81B80D76B00939452 /* WikiHTTPSessionManager.m in Sources */ = {isa = PBXBuildFile; fileRef = 83A2FBA61B80D76B00939452 /* WikiHTTPSessionManager.m */; };
		83A2FBB91B80D76B00939452 /* WikiImage.m in Sources */ = {isa = PBXBuildFile; fileRef = 83A2FBA81B80D76B00939452 /* WikiImage.m */; };
		83A2FBBA1B80D76B00939452 /* WikiJSONObject.m in Sources */ = {isa = PBXBuildFile; fileRef = 83A2FBAA1B80D76B00939452 /* WikiJSONObject.m */; };
		83A2FBBB1B80D76B00939452 /* WikiPage.m in Sources */ = {isa = PBXBuildFile; fileRef = 83A2FBAE1B80D76B00939452 /* WikiPage.m */; };
		83A2FBBC1B80D76B00939452 /* WikiRevision.m in Sources */ = {isa = PBXBuildFile; fileRef = 83A2FBB01B80D76B00939452 /* WikiRevision.m */; };
		83A2FBBD1B80D76B00939452 /* WikiSessionDataTask.m in Sources */ = {isa = PBXBuildFile; fileRef = 83A2FBB21B80D76B00939452 /* WikiSessionDataTask.m */; };
		83A2FBC41B80E38700939452 /* WikikitInfo.m in Sources */ = {isa = PBXBuildFile; fileRef = 83A2FBC31B80E38700939452 /* WikikitInfo.m */; };
		83A2FBC71B830AB000939452 /* PWMainWindow.m in Sources */ = {isa = PBXBuildFile; fileRef = 83A2FBC61B830AB000939452 /* PWMainWindow.m */; };
		83A2FBCA1B830ABB00939452 /* PWMainWindowController.m in Sources */ = {isa = PBXBuildFile; fileRef = 83A2FBC91B830ABB00939452 /* PWMainWindowController.m */; };
		83A2FBCC1B830AC700939452 /* PWMainWindow.xib in Resources */ = {isa = PBXBuildFile; fileRef = 83A2FBCB1B830AC700939452 /* PWMainWindow.xib */; };
		83A2FBD31B8324D000939452 /* PWNavButtonsPairView.m in Sources */ = {isa = PBXBuildFile; fileRef = 83A2FBD21B8324D000939452 /* PWNavButtonsPairView.m */; };
		83A2FBD61B8326BC00939452 /* PWToolbarController.m in Sources */ = {isa = PBXBuildFile; fileRef = 83A2FBD51B8326BC00939452 /* PWToolbarController.m */; };
		83A2FBDC1B83303900939452 /* PWMainContentView.m in Sources */ = {isa = PBXBuildFile; fileRef = 83A2FBDB1B83303900939452 /* PWMainContentView.m */; };
		83A2FBDF1B833B2A00939452 /* PWStackContainerView.m in Sources */ = {isa = PBXBuildFile; fileRef = 83A2FBDE1B833B2A00939452 /* PWStackContainerView.m */; };
		83A2FBE21B833B8E00939452 /* PWStackContainerViewController.m in Sources */ = {isa = PBXBuildFile; fileRef = 83A2FBE11B833B8E00939452 /* PWStackContainerViewController.m */; };
		83B75CAC1B7DDB0C00E9C05E /* WebKit.framework in Frameworks */ = {isa = PBXBuildFile; fileRef = 83B75CAB1B7DDB0C00E9C05E /* WebKit.framework */; };
		83B75D701B7DDDA800E9C05E /* Info.plist in Resources */ = {isa = PBXBuildFile; fileRef = 83B75CCA1B7DDDA700E9C05E /* Info.plist */; };
		83B75DF31B7DDDB600E9C05E /* AFHTTPRequestOperation.m in Sources */ = {isa = PBXBuildFile; fileRef = 83B75DE11B7DDDB600E9C05E /* AFHTTPRequestOperation.m */; };
		83B75DF41B7DDDB600E9C05E /* AFHTTPRequestOperationManager.m in Sources */ = {isa = PBXBuildFile; fileRef = 83B75DE31B7DDDB600E9C05E /* AFHTTPRequestOperationManager.m */; };
		83B75DF51B7DDDB600E9C05E /* AFHTTPSessionManager.m in Sources */ = {isa = PBXBuildFile; fileRef = 83B75DE51B7DDDB600E9C05E /* AFHTTPSessionManager.m */; };
		83B75DF61B7DDDB600E9C05E /* AFNetworkReachabilityManager.m in Sources */ = {isa = PBXBuildFile; fileRef = 83B75DE81B7DDDB600E9C05E /* AFNetworkReachabilityManager.m */; };
		83B75DF71B7DDDB600E9C05E /* AFSecurityPolicy.m in Sources */ = {isa = PBXBuildFile; fileRef = 83B75DEA1B7DDDB600E9C05E /* AFSecurityPolicy.m */; };
		83B75DF81B7DDDB600E9C05E /* AFURLConnectionOperation.m in Sources */ = {isa = PBXBuildFile; fileRef = 83B75DEC1B7DDDB600E9C05E /* AFURLConnectionOperation.m */; };
		83B75DF91B7DDDB600E9C05E /* AFURLRequestSerialization.m in Sources */ = {isa = PBXBuildFile; fileRef = 83B75DEE1B7DDDB600E9C05E /* AFURLRequestSerialization.m */; };
		83B75DFA1B7DDDB600E9C05E /* AFURLResponseSerialization.m in Sources */ = {isa = PBXBuildFile; fileRef = 83B75DF01B7DDDB600E9C05E /* AFURLResponseSerialization.m */; };
		83B75DFB1B7DDDB600E9C05E /* AFURLSessionManager.m in Sources */ = {isa = PBXBuildFile; fileRef = 83B75DF21B7DDDB600E9C05E /* AFURLSessionManager.m */; };
		83B794141B7DCE5F00F4544E /* PWAppDelegate.m in Sources */ = {isa = PBXBuildFile; fileRef = 83B794131B7DCE5F00F4544E /* PWAppDelegate.m */; };
		83B794171B7DCE5F00F4544E /* main.m in Sources */ = {isa = PBXBuildFile; fileRef = 83B794161B7DCE5F00F4544E /* main.m */; };
		83B794191B7DCE5F00F4544E /* Assets.xcassets in Resources */ = {isa = PBXBuildFile; fileRef = 83B794181B7DCE5F00F4544E /* Assets.xcassets */; };
		83B7941C1B7DCE5F00F4544E /* PWMainMenu.xib in Resources */ = {isa = PBXBuildFile; fileRef = 83B7941A1B7DCE5F00F4544E /* PWMainMenu.xib */; };
		83B794271B7DCE5F00F4544E /* PureWikiTests.m in Sources */ = {isa = PBXBuildFile; fileRef = 83B794261B7DCE5F00F4544E /* PureWikiTests.m */; };
		83B794321B7DCE5F00F4544E /* PureWikiUITests.m in Sources */ = {isa = PBXBuildFile; fileRef = 83B794311B7DCE5F00F4544E /* PureWikiUITests.m */; };
/* End PBXBuildFile section */

/* Begin PBXContainerItemProxy section */
		83B794231B7DCE5F00F4544E /* PBXContainerItemProxy */ = {
			isa = PBXContainerItemProxy;
			containerPortal = 83B794071B7DCE5F00F4544E /* Project object */;
			proxyType = 1;
			remoteGlobalIDString = 83B7940E1B7DCE5F00F4544E;
			remoteInfo = PureWiki;
		};
		83B7942E1B7DCE5F00F4544E /* PBXContainerItemProxy */ = {
			isa = PBXContainerItemProxy;
			containerPortal = 83B794071B7DCE5F00F4544E /* Project object */;
			proxyType = 1;
			remoteGlobalIDString = 83B7940E1B7DCE5F00F4544E;
			remoteInfo = PureWiki;
		};
/* End PBXContainerItemProxy section */

/* Begin PBXFileReference section */
		8322BF801B83812500A890C9 /* PWActionNotifications.h */ = {isa = PBXFileReference; fileEncoding = 4; lastKnownFileType = sourcecode.c.h; path = PWActionNotifications.h; sourceTree = "<group>"; };
		8322BF811B83812500A890C9 /* PWActionNotifications.m */ = {isa = PBXFileReference; fileEncoding = 4; lastKnownFileType = sourcecode.c.objc; path = PWActionNotifications.m; sourceTree = "<group>"; };
		8322BF941B83C6F400A890C9 /* PWSmartSearchBar.h */ = {isa = PBXFileReference; fileEncoding = 4; lastKnownFileType = sourcecode.c.h; path = PWSmartSearchBar.h; sourceTree = "<group>"; };
		8322BF951B83C6F400A890C9 /* PWSmartSearchBar.m */ = {isa = PBXFileReference; fileEncoding = 4; lastKnownFileType = sourcecode.c.objc; path = PWSmartSearchBar.m; sourceTree = "<group>"; };
		83480E921B8351BF00A33030 /* PWWikiContentView.h */ = {isa = PBXFileReference; fileEncoding = 4; lastKnownFileType = sourcecode.c.h; path = PWWikiContentView.h; sourceTree = "<group>"; };
		83480E931B8351BF00A33030 /* PWWikiContentView.m */ = {isa = PBXFileReference; fileEncoding = 4; lastKnownFileType = sourcecode.c.objc; path = PWWikiContentView.m; sourceTree = "<group>"; };
		83480E951B83530C00A33030 /* PWSidebarTabsTable.h */ = {isa = PBXFileReference; fileEncoding = 4; lastKnownFileType = sourcecode.c.h; path = PWSidebarTabsTable.h; sourceTree = "<group>"; };
		83480E961B83530C00A33030 /* PWSidebarTabsTable.m */ = {isa = PBXFileReference; fileEncoding = 4; lastKnownFileType = sourcecode.c.objc; path = PWSidebarTabsTable.m; sourceTree = "<group>"; };
		83480E981B83532D00A33030 /* PWSidebarTabsTableCell.h */ = {isa = PBXFileReference; fileEncoding = 4; lastKnownFileType = sourcecode.c.h; path = PWSidebarTabsTableCell.h; sourceTree = "<group>"; };
		83480E991B83532D00A33030 /* PWSidebarTabsTableCell.m */ = {isa = PBXFileReference; fileEncoding = 4; lastKnownFileType = sourcecode.c.objc; path = PWSidebarTabsTableCell.m; sourceTree = "<group>"; };
		83480E9B1B83589900A33030 /* PWSplitView.h */ = {isa = PBXFileReference; fileEncoding = 4; lastKnownFileType = sourcecode.c.h; path = PWSplitView.h; sourceTree = "<group>"; };
		83480E9C1B83589900A33030 /* PWSplitView.m */ = {isa = PBXFileReference; fileEncoding = 4; lastKnownFileType = sourcecode.c.objc; path = PWSplitView.m; sourceTree = "<group>"; };
		83480E9E1B83728000A33030 /* PWSidebarTabsTableController.h */ = {isa = PBXFileReference; fileEncoding = 4; lastKnownFileType = sourcecode.c.h; path = PWSidebarTabsTableController.h; sourceTree = "<group>"; };
		83480E9F1B83728000A33030 /* PWSidebarTabsTableController.m */ = {isa = PBXFileReference; fileEncoding = 4; lastKnownFileType = sourcecode.c.objc; path = PWSidebarTabsTableController.m; sourceTree = "<group>"; };
		83480EA41B837D4500A33030 /* PWBrain.h */ = {isa = PBXFileReference; fileEncoding = 4; lastKnownFileType = sourcecode.c.h; path = PWBrain.h; sourceTree = "<group>"; };
		83480EA51B837D4500A33030 /* PWBrain.m */ = {isa = PBXFileReference; fileEncoding = 4; lastKnownFileType = sourcecode.c.objc; path = PWBrain.m; sourceTree = "<group>"; };
		83509BCD1B8629DF00C4F454 /* PWSearchResultsAttachPanel.h */ = {isa = PBXFileReference; fileEncoding = 4; lastKnownFileType = sourcecode.c.h; path = PWSearchResultsAttachPanel.h; sourceTree = "<group>"; };
		83509BCE1B8629DF00C4F454 /* PWSearchResultsAttachPanel.m */ = {isa = PBXFileReference; fileEncoding = 4; lastKnownFileType = sourcecode.c.objc; path = PWSearchResultsAttachPanel.m; sourceTree = "<group>"; };
		83509BD01B862A0400C4F454 /* PWSearchResultsAttachPanel.xib */ = {isa = PBXFileReference; fileEncoding = 4; lastKnownFileType = file.xib; path = PWSearchResultsAttachPanel.xib; sourceTree = "<group>"; };
		83509BD21B862A1400C4F454 /* PWSearchResultsAttachPanelController.h */ = {isa = PBXFileReference; fileEncoding = 4; lastKnownFileType = sourcecode.c.h; path = PWSearchResultsAttachPanelController.h; sourceTree = "<group>"; };
		83509BD31B862A1400C4F454 /* PWSearchResultsAttachPanelController.m */ = {isa = PBXFileReference; fileEncoding = 4; lastKnownFileType = sourcecode.c.objc; path = PWSearchResultsAttachPanelController.m; sourceTree = "<group>"; };
		83509BD51B86388E00C4F454 /* NSObject+PWSmartSearchBar.h */ = {isa = PBXFileReference; fileEncoding = 4; lastKnownFileType = sourcecode.c.h; path = "NSObject+PWSmartSearchBar.h"; sourceTree = "<group>"; };
		83509BD61B86388E00C4F454 /* NSObject+PWSmartSearchBar.m */ = {isa = PBXFileReference; fileEncoding = 4; lastKnownFileType = sourcecode.c.objc; path = "NSObject+PWSmartSearchBar.m"; sourceTree = "<group>"; };
		83509BD81B864A9100C4F454 /* PWSearchResultsTableView.h */ = {isa = PBXFileReference; fileEncoding = 4; lastKnownFileType = sourcecode.c.h; path = PWSearchResultsTableView.h; sourceTree = "<group>"; };
		83509BD91B864A9100C4F454 /* PWSearchResultsTableView.m */ = {isa = PBXFileReference; fileEncoding = 4; lastKnownFileType = sourcecode.c.objc; path = PWSearchResultsTableView.m; sourceTree = "<group>"; };
		83509BDB1B864B1300C4F454 /* PWSearchResultsTableCellView.h */ = {isa = PBXFileReference; fileEncoding = 4; lastKnownFileType = sourcecode.c.h; path = PWSearchResultsTableCellView.h; sourceTree = "<group>"; };
		83509BDC1B864B1300C4F454 /* PWSearchResultsTableCellView.m */ = {isa = PBXFileReference; fileEncoding = 4; lastKnownFileType = sourcecode.c.objc; path = PWSearchResultsTableCellView.m; sourceTree = "<group>"; };
		83509BDE1B870D0500C4F454 /* PWSmartSearchBarController.h */ = {isa = PBXFileReference; fileEncoding = 4; lastKnownFileType = sourcecode.c.h; path = PWSmartSearchBarController.h; sourceTree = "<group>"; };
		83509BDF1B870D0500C4F454 /* PWSmartSearchBarController.m */ = {isa = PBXFileReference; fileEncoding = 4; lastKnownFileType = sourcecode.c.objc; path = PWSmartSearchBarController.m; sourceTree = "<group>"; };
		83A2FB9B1B80D76B00939452 /* _WikiJSON.h */ = {isa = PBXFileReference; fileEncoding = 4; lastKnownFileType = sourcecode.c.h; path = _WikiJSON.h; sourceTree = "<group>"; };
		83A2FB9C1B80D76B00939452 /* _WikiJSON.m */ = {isa = PBXFileReference; fileEncoding = 4; lastKnownFileType = sourcecode.c.objc; path = _WikiJSON.m; sourceTree = "<group>"; };
		83A2FB9D1B80D76B00939452 /* NSDate+Wikikit.h */ = {isa = PBXFileReference; fileEncoding = 4; lastKnownFileType = sourcecode.c.h; name = "NSDate+Wikikit.h"; path = "../../../../../Wikikit/Wikikit/NSDate+Wikikit.h"; sourceTree = "<group>"; };
		83A2FB9E1B80D76B00939452 /* NSDate+Wikikit.m */ = {isa = PBXFileReference; fileEncoding = 4; lastKnownFileType = sourcecode.c.objc; name = "NSDate+Wikikit.m"; path = "../../../../../Wikikit/Wikikit/NSDate+Wikikit.m"; sourceTree = "<group>"; };
		83A2FB9F1B80D76B00939452 /* WikiConstants.h */ = {isa = PBXFileReference; fileEncoding = 4; lastKnownFileType = sourcecode.c.h; name = WikiConstants.h; path = ../../../../../Wikikit/Wikikit/WikiConstants.h; sourceTree = "<group>"; };
		83A2FBA01B80D76B00939452 /* WikiConstants.m */ = {isa = PBXFileReference; fileEncoding = 4; lastKnownFileType = sourcecode.c.objc; name = WikiConstants.m; path = ../../../../../Wikikit/Wikikit/WikiConstants.m; sourceTree = "<group>"; };
		83A2FBA11B80D76B00939452 /* WikiContinuation.h */ = {isa = PBXFileReference; fileEncoding = 4; lastKnownFileType = sourcecode.c.h; name = WikiContinuation.h; path = ../../../../../Wikikit/Wikikit/WikiContinuation.h; sourceTree = "<group>"; };
		83A2FBA21B80D76B00939452 /* WikiContinuation.m */ = {isa = PBXFileReference; fileEncoding = 4; lastKnownFileType = sourcecode.c.objc; name = WikiContinuation.m; path = ../../../../../Wikikit/Wikikit/WikiContinuation.m; sourceTree = "<group>"; };
		83A2FBA31B80D76B00939452 /* WikiEngine.h */ = {isa = PBXFileReference; fileEncoding = 4; lastKnownFileType = sourcecode.c.h; name = WikiEngine.h; path = ../../../../../Wikikit/Wikikit/WikiEngine.h; sourceTree = "<group>"; };
		83A2FBA41B80D76B00939452 /* WikiEngine.m */ = {isa = PBXFileReference; fileEncoding = 4; lastKnownFileType = sourcecode.c.objc; name = WikiEngine.m; path = ../../../../../Wikikit/Wikikit/WikiEngine.m; sourceTree = "<group>"; };
		83A2FBA51B80D76B00939452 /* WikiHTTPSessionManager.h */ = {isa = PBXFileReference; fileEncoding = 4; lastKnownFileType = sourcecode.c.h; name = WikiHTTPSessionManager.h; path = ../../../../../Wikikit/Wikikit/WikiHTTPSessionManager.h; sourceTree = "<group>"; };
		83A2FBA61B80D76B00939452 /* WikiHTTPSessionManager.m */ = {isa = PBXFileReference; fileEncoding = 4; lastKnownFileType = sourcecode.c.objc; name = WikiHTTPSessionManager.m; path = ../../../../../Wikikit/Wikikit/WikiHTTPSessionManager.m; sourceTree = "<group>"; };
		83A2FBA71B80D76B00939452 /* WikiImage.h */ = {isa = PBXFileReference; fileEncoding = 4; lastKnownFileType = sourcecode.c.h; name = WikiImage.h; path = ../../../../../Wikikit/Wikikit/WikiImage.h; sourceTree = "<group>"; };
		83A2FBA81B80D76B00939452 /* WikiImage.m */ = {isa = PBXFileReference; fileEncoding = 4; lastKnownFileType = sourcecode.c.objc; name = WikiImage.m; path = ../../../../../Wikikit/Wikikit/WikiImage.m; sourceTree = "<group>"; };
		83A2FBA91B80D76B00939452 /* WikiJSONObject.h */ = {isa = PBXFileReference; fileEncoding = 4; lastKnownFileType = sourcecode.c.h; name = WikiJSONObject.h; path = ../../../../../Wikikit/Wikikit/WikiJSONObject.h; sourceTree = "<group>"; };
		83A2FBAA1B80D76B00939452 /* WikiJSONObject.m */ = {isa = PBXFileReference; fileEncoding = 4; lastKnownFileType = sourcecode.c.objc; name = WikiJSONObject.m; path = ../../../../../Wikikit/Wikikit/WikiJSONObject.m; sourceTree = "<group>"; };
		83A2FBAC1B80D76B00939452 /* WikiMacros.h */ = {isa = PBXFileReference; fileEncoding = 4; lastKnownFileType = sourcecode.c.h; name = WikiMacros.h; path = ../../../../../Wikikit/Wikikit/WikiMacros.h; sourceTree = "<group>"; };
		83A2FBAD1B80D76B00939452 /* WikiPage.h */ = {isa = PBXFileReference; fileEncoding = 4; lastKnownFileType = sourcecode.c.h; name = WikiPage.h; path = ../../../../../Wikikit/Wikikit/WikiPage.h; sourceTree = "<group>"; };
		83A2FBAE1B80D76B00939452 /* WikiPage.m */ = {isa = PBXFileReference; fileEncoding = 4; lastKnownFileType = sourcecode.c.objc; name = WikiPage.m; path = ../../../../../Wikikit/Wikikit/WikiPage.m; sourceTree = "<group>"; };
		83A2FBAF1B80D76B00939452 /* WikiRevision.h */ = {isa = PBXFileReference; fileEncoding = 4; lastKnownFileType = sourcecode.c.h; name = WikiRevision.h; path = ../../../../../Wikikit/Wikikit/WikiRevision.h; sourceTree = "<group>"; };
		83A2FBB01B80D76B00939452 /* WikiRevision.m */ = {isa = PBXFileReference; fileEncoding = 4; lastKnownFileType = sourcecode.c.objc; name = WikiRevision.m; path = ../../../../../Wikikit/Wikikit/WikiRevision.m; sourceTree = "<group>"; };
		83A2FBB11B80D76B00939452 /* WikiSessionDataTask.h */ = {isa = PBXFileReference; fileEncoding = 4; lastKnownFileType = sourcecode.c.h; name = WikiSessionDataTask.h; path = ../../../../../Wikikit/Wikikit/WikiSessionDataTask.h; sourceTree = "<group>"; };
		83A2FBB21B80D76B00939452 /* WikiSessionDataTask.m */ = {isa = PBXFileReference; fileEncoding = 4; lastKnownFileType = sourcecode.c.objc; name = WikiSessionDataTask.m; path = ../../../../../Wikikit/Wikikit/WikiSessionDataTask.m; sourceTree = "<group>"; };
		83A2FBC21B80E38700939452 /* WikikitInfo.h */ = {isa = PBXFileReference; fileEncoding = 4; lastKnownFileType = sourcecode.c.h; name = WikikitInfo.h; path = ../../../../../Wikikit/Wikikit/WikikitInfo.h; sourceTree = "<group>"; };
		83A2FBC31B80E38700939452 /* WikikitInfo.m */ = {isa = PBXFileReference; fileEncoding = 4; lastKnownFileType = sourcecode.c.objc; name = WikikitInfo.m; path = ../../../../../Wikikit/Wikikit/WikikitInfo.m; sourceTree = "<group>"; };
		83A2FBC51B830AB000939452 /* PWMainWindow.h */ = {isa = PBXFileReference; fileEncoding = 4; lastKnownFileType = sourcecode.c.h; path = PWMainWindow.h; sourceTree = "<group>"; };
		83A2FBC61B830AB000939452 /* PWMainWindow.m */ = {isa = PBXFileReference; fileEncoding = 4; lastKnownFileType = sourcecode.c.objc; path = PWMainWindow.m; sourceTree = "<group>"; };
		83A2FBC81B830ABB00939452 /* PWMainWindowController.h */ = {isa = PBXFileReference; fileEncoding = 4; lastKnownFileType = sourcecode.c.h; path = PWMainWindowController.h; sourceTree = "<group>"; };
		83A2FBC91B830ABB00939452 /* PWMainWindowController.m */ = {isa = PBXFileReference; fileEncoding = 4; lastKnownFileType = sourcecode.c.objc; path = PWMainWindowController.m; sourceTree = "<group>"; };
		83A2FBCB1B830AC700939452 /* PWMainWindow.xib */ = {isa = PBXFileReference; fileEncoding = 4; lastKnownFileType = file.xib; path = PWMainWindow.xib; sourceTree = "<group>"; };
		83A2FBD11B8324D000939452 /* PWNavButtonsPairView.h */ = {isa = PBXFileReference; fileEncoding = 4; lastKnownFileType = sourcecode.c.h; path = PWNavButtonsPairView.h; sourceTree = "<group>"; };
		83A2FBD21B8324D000939452 /* PWNavButtonsPairView.m */ = {isa = PBXFileReference; fileEncoding = 4; lastKnownFileType = sourcecode.c.objc; path = PWNavButtonsPairView.m; sourceTree = "<group>"; };
		83A2FBD41B8326BC00939452 /* PWToolbarController.h */ = {isa = PBXFileReference; fileEncoding = 4; lastKnownFileType = sourcecode.c.h; path = PWToolbarController.h; sourceTree = "<group>"; };
		83A2FBD51B8326BC00939452 /* PWToolbarController.m */ = {isa = PBXFileReference; fileEncoding = 4; lastKnownFileType = sourcecode.c.objc; path = PWToolbarController.m; sourceTree = "<group>"; };
		83A2FBDA1B83303900939452 /* PWMainContentView.h */ = {isa = PBXFileReference; fileEncoding = 4; lastKnownFileType = sourcecode.c.h; path = PWMainContentView.h; sourceTree = "<group>"; };
		83A2FBDB1B83303900939452 /* PWMainContentView.m */ = {isa = PBXFileReference; fileEncoding = 4; lastKnownFileType = sourcecode.c.objc; path = PWMainContentView.m; sourceTree = "<group>"; };
		83A2FBDD1B833B2A00939452 /* PWStackContainerView.h */ = {isa = PBXFileReference; fileEncoding = 4; lastKnownFileType = sourcecode.c.h; path = PWStackContainerView.h; sourceTree = "<group>"; };
		83A2FBDE1B833B2A00939452 /* PWStackContainerView.m */ = {isa = PBXFileReference; fileEncoding = 4; lastKnownFileType = sourcecode.c.objc; path = PWStackContainerView.m; sourceTree = "<group>"; };
		83A2FBE01B833B8E00939452 /* PWStackContainerViewController.h */ = {isa = PBXFileReference; fileEncoding = 4; lastKnownFileType = sourcecode.c.h; path = PWStackContainerViewController.h; sourceTree = "<group>"; };
		83A2FBE11B833B8E00939452 /* PWStackContainerViewController.m */ = {isa = PBXFileReference; fileEncoding = 4; lastKnownFileType = sourcecode.c.objc; path = PWStackContainerViewController.m; sourceTree = "<group>"; };
		83B75CAB1B7DDB0C00E9C05E /* WebKit.framework */ = {isa = PBXFileReference; lastKnownFileType = wrapper.framework; name = WebKit.framework; path = System/Library/Frameworks/WebKit.framework; sourceTree = SDKROOT; };
		83B75CCA1B7DDDA700E9C05E /* Info.plist */ = {isa = PBXFileReference; fileEncoding = 4; lastKnownFileType = text.plist.xml; path = Info.plist; sourceTree = "<group>"; };
		83B75DE01B7DDDB600E9C05E /* AFHTTPRequestOperation.h */ = {isa = PBXFileReference; fileEncoding = 4; lastKnownFileType = sourcecode.c.h; path = AFHTTPRequestOperation.h; sourceTree = "<group>"; };
		83B75DE11B7DDDB600E9C05E /* AFHTTPRequestOperation.m */ = {isa = PBXFileReference; fileEncoding = 4; lastKnownFileType = sourcecode.c.objc; path = AFHTTPRequestOperation.m; sourceTree = "<group>"; };
		83B75DE21B7DDDB600E9C05E /* AFHTTPRequestOperationManager.h */ = {isa = PBXFileReference; fileEncoding = 4; lastKnownFileType = sourcecode.c.h; path = AFHTTPRequestOperationManager.h; sourceTree = "<group>"; };
		83B75DE31B7DDDB600E9C05E /* AFHTTPRequestOperationManager.m */ = {isa = PBXFileReference; fileEncoding = 4; lastKnownFileType = sourcecode.c.objc; path = AFHTTPRequestOperationManager.m; sourceTree = "<group>"; };
		83B75DE41B7DDDB600E9C05E /* AFHTTPSessionManager.h */ = {isa = PBXFileReference; fileEncoding = 4; lastKnownFileType = sourcecode.c.h; path = AFHTTPSessionManager.h; sourceTree = "<group>"; };
		83B75DE51B7DDDB600E9C05E /* AFHTTPSessionManager.m */ = {isa = PBXFileReference; fileEncoding = 4; lastKnownFileType = sourcecode.c.objc; path = AFHTTPSessionManager.m; sourceTree = "<group>"; };
		83B75DE61B7DDDB600E9C05E /* AFNetworking.h */ = {isa = PBXFileReference; fileEncoding = 4; lastKnownFileType = sourcecode.c.h; path = AFNetworking.h; sourceTree = "<group>"; };
		83B75DE71B7DDDB600E9C05E /* AFNetworkReachabilityManager.h */ = {isa = PBXFileReference; fileEncoding = 4; lastKnownFileType = sourcecode.c.h; path = AFNetworkReachabilityManager.h; sourceTree = "<group>"; };
		83B75DE81B7DDDB600E9C05E /* AFNetworkReachabilityManager.m */ = {isa = PBXFileReference; fileEncoding = 4; lastKnownFileType = sourcecode.c.objc; path = AFNetworkReachabilityManager.m; sourceTree = "<group>"; };
		83B75DE91B7DDDB600E9C05E /* AFSecurityPolicy.h */ = {isa = PBXFileReference; fileEncoding = 4; lastKnownFileType = sourcecode.c.h; path = AFSecurityPolicy.h; sourceTree = "<group>"; };
		83B75DEA1B7DDDB600E9C05E /* AFSecurityPolicy.m */ = {isa = PBXFileReference; fileEncoding = 4; lastKnownFileType = sourcecode.c.objc; path = AFSecurityPolicy.m; sourceTree = "<group>"; };
		83B75DEB1B7DDDB600E9C05E /* AFURLConnectionOperation.h */ = {isa = PBXFileReference; fileEncoding = 4; lastKnownFileType = sourcecode.c.h; path = AFURLConnectionOperation.h; sourceTree = "<group>"; };
		83B75DEC1B7DDDB600E9C05E /* AFURLConnectionOperation.m */ = {isa = PBXFileReference; fileEncoding = 4; lastKnownFileType = sourcecode.c.objc; path = AFURLConnectionOperation.m; sourceTree = "<group>"; };
		83B75DED1B7DDDB600E9C05E /* AFURLRequestSerialization.h */ = {isa = PBXFileReference; fileEncoding = 4; lastKnownFileType = sourcecode.c.h; path = AFURLRequestSerialization.h; sourceTree = "<group>"; };
		83B75DEE1B7DDDB600E9C05E /* AFURLRequestSerialization.m */ = {isa = PBXFileReference; fileEncoding = 4; lastKnownFileType = sourcecode.c.objc; path = AFURLRequestSerialization.m; sourceTree = "<group>"; };
		83B75DEF1B7DDDB600E9C05E /* AFURLResponseSerialization.h */ = {isa = PBXFileReference; fileEncoding = 4; lastKnownFileType = sourcecode.c.h; path = AFURLResponseSerialization.h; sourceTree = "<group>"; };
		83B75DF01B7DDDB600E9C05E /* AFURLResponseSerialization.m */ = {isa = PBXFileReference; fileEncoding = 4; lastKnownFileType = sourcecode.c.objc; path = AFURLResponseSerialization.m; sourceTree = "<group>"; };
		83B75DF11B7DDDB600E9C05E /* AFURLSessionManager.h */ = {isa = PBXFileReference; fileEncoding = 4; lastKnownFileType = sourcecode.c.h; path = AFURLSessionManager.h; sourceTree = "<group>"; };
		83B75DF21B7DDDB600E9C05E /* AFURLSessionManager.m */ = {isa = PBXFileReference; fileEncoding = 4; lastKnownFileType = sourcecode.c.objc; path = AFURLSessionManager.m; sourceTree = "<group>"; };
		83B7940F1B7DCE5F00F4544E /* PureWiki.app */ = {isa = PBXFileReference; explicitFileType = wrapper.application; includeInIndex = 0; path = PureWiki.app; sourceTree = BUILT_PRODUCTS_DIR; };
		83B794121B7DCE5F00F4544E /* PWAppDelegate.h */ = {isa = PBXFileReference; lastKnownFileType = sourcecode.c.h; path = PWAppDelegate.h; sourceTree = "<group>"; };
		83B794131B7DCE5F00F4544E /* PWAppDelegate.m */ = {isa = PBXFileReference; lastKnownFileType = sourcecode.c.objc; path = PWAppDelegate.m; sourceTree = "<group>"; };
		83B794161B7DCE5F00F4544E /* main.m */ = {isa = PBXFileReference; lastKnownFileType = sourcecode.c.objc; path = main.m; sourceTree = "<group>"; };
		83B794181B7DCE5F00F4544E /* Assets.xcassets */ = {isa = PBXFileReference; lastKnownFileType = folder.assetcatalog; path = Assets.xcassets; sourceTree = "<group>"; };
		83B7941B1B7DCE5F00F4544E /* Base */ = {isa = PBXFileReference; lastKnownFileType = file.xib; name = Base; path = Base.lproj/PWMainMenu.xib; sourceTree = "<group>"; };
		83B7941D1B7DCE5F00F4544E /* Info.plist */ = {isa = PBXFileReference; lastKnownFileType = text.plist.xml; path = Info.plist; sourceTree = "<group>"; };
		83B794221B7DCE5F00F4544E /* PureWikiTests.xctest */ = {isa = PBXFileReference; explicitFileType = wrapper.cfbundle; includeInIndex = 0; path = PureWikiTests.xctest; sourceTree = BUILT_PRODUCTS_DIR; };
		83B794261B7DCE5F00F4544E /* PureWikiTests.m */ = {isa = PBXFileReference; lastKnownFileType = sourcecode.c.objc; path = PureWikiTests.m; sourceTree = "<group>"; };
		83B794281B7DCE5F00F4544E /* Info.plist */ = {isa = PBXFileReference; lastKnownFileType = text.plist.xml; path = Info.plist; sourceTree = "<group>"; };
		83B7942D1B7DCE5F00F4544E /* PureWikiUITests.xctest */ = {isa = PBXFileReference; explicitFileType = wrapper.cfbundle; includeInIndex = 0; path = PureWikiUITests.xctest; sourceTree = BUILT_PRODUCTS_DIR; };
		83B794311B7DCE5F00F4544E /* PureWikiUITests.m */ = {isa = PBXFileReference; lastKnownFileType = sourcecode.c.objc; path = PureWikiUITests.m; sourceTree = "<group>"; };
		83B794331B7DCE5F00F4544E /* Info.plist */ = {isa = PBXFileReference; lastKnownFileType = text.plist.xml; path = Info.plist; sourceTree = "<group>"; };
		83B794631B7DD12100F4544E /* PureWiki.entitlements */ = {isa = PBXFileReference; lastKnownFileType = text.xml; path = PureWiki.entitlements; sourceTree = "<group>"; };
/* End PBXFileReference section */

/* Begin PBXFrameworksBuildPhase section */
		83B7940C1B7DCE5F00F4544E /* Frameworks */ = {
			isa = PBXFrameworksBuildPhase;
			buildActionMask = 2147483647;
			files = (
				83B75CAC1B7DDB0C00E9C05E /* WebKit.framework in Frameworks */,
			);
			runOnlyForDeploymentPostprocessing = 0;
		};
		83B7941F1B7DCE5F00F4544E /* Frameworks */ = {
			isa = PBXFrameworksBuildPhase;
			buildActionMask = 2147483647;
			files = (
			);
			runOnlyForDeploymentPostprocessing = 0;
		};
		83B7942A1B7DCE5F00F4544E /* Frameworks */ = {
			isa = PBXFrameworksBuildPhase;
			buildActionMask = 2147483647;
			files = (
			);
			runOnlyForDeploymentPostprocessing = 0;
		};
/* End PBXFrameworksBuildPhase section */

/* Begin PBXGroup section */
		8322BF8C1B83AE7700A890C9 /* search-wikipedia */ = {
			isa = PBXGroup;
			children = (
				8322BF8D1B83AE9100A890C9 /* xib */,
				83509BD51B86388E00C4F454 /* NSObject+PWSmartSearchBar.h */,
				83509BD61B86388E00C4F454 /* NSObject+PWSmartSearchBar.m */,
				8322BF941B83C6F400A890C9 /* PWSmartSearchBar.h */,
				8322BF951B83C6F400A890C9 /* PWSmartSearchBar.m */,
				83509BDE1B870D0500C4F454 /* PWSmartSearchBarController.h */,
				83509BDF1B870D0500C4F454 /* PWSmartSearchBarController.m */,
				83509BCD1B8629DF00C4F454 /* PWSearchResultsAttachPanel.h */,
				83509BCE1B8629DF00C4F454 /* PWSearchResultsAttachPanel.m */,
				83509BD21B862A1400C4F454 /* PWSearchResultsAttachPanelController.h */,
				83509BD31B862A1400C4F454 /* PWSearchResultsAttachPanelController.m */,
				83509BD81B864A9100C4F454 /* PWSearchResultsTableView.h */,
				83509BD91B864A9100C4F454 /* PWSearchResultsTableView.m */,
				83509BDB1B864B1300C4F454 /* PWSearchResultsTableCellView.h */,
				83509BDC1B864B1300C4F454 /* PWSearchResultsTableCellView.m */,
			);
			name = "search-wikipedia";
			sourceTree = "<group>";
		};
		8322BF8D1B83AE9100A890C9 /* xib */ = {
			isa = PBXGroup;
			children = (
				83509BD01B862A0400C4F454 /* PWSearchResultsAttachPanel.xib */,
			);
			name = xib;
			sourceTree = "<group>";
		};
		83480E901B83515000A33030 /* sidebar */ = {
			isa = PBXGroup;
			children = (
				83480E9E1B83728000A33030 /* PWSidebarTabsTableController.h */,
				83480E9F1B83728000A33030 /* PWSidebarTabsTableController.m */,
				83480E951B83530C00A33030 /* PWSidebarTabsTable.h */,
				83480E961B83530C00A33030 /* PWSidebarTabsTable.m */,
				83480E981B83532D00A33030 /* PWSidebarTabsTableCell.h */,
				83480E991B83532D00A33030 /* PWSidebarTabsTableCell.m */,
			);
			name = sidebar;
			sourceTree = "<group>";
		};
		83480E911B83515800A33030 /* wiki-content */ = {
			isa = PBXGroup;
			children = (
				83480E921B8351BF00A33030 /* PWWikiContentView.h */,
				83480E931B8351BF00A33030 /* PWWikiContentView.m */,
			);
			name = "wiki-content";
			sourceTree = "<group>";
		};
		83A2FB9A1B80D76B00939452 /* internal */ = {
			isa = PBXGroup;
			children = (
				83A2FB9B1B80D76B00939452 /* _WikiJSON.h */,
				83A2FB9C1B80D76B00939452 /* _WikiJSON.m */,
			);
			name = internal;
			path = ../../../../../Wikikit/Wikikit/internal;
			sourceTree = "<group>";
		};
		83A2FBCD1B830ACD00939452 /* main-window */ = {
			isa = PBXGroup;
			children = (
				83A2FBCE1B830AD500939452 /* xib */,
				83A2FBC81B830ABB00939452 /* PWMainWindowController.h */,
				83A2FBC91B830ABB00939452 /* PWMainWindowController.m */,
				83A2FBC51B830AB000939452 /* PWMainWindow.h */,
				83A2FBC61B830AB000939452 /* PWMainWindow.m */,
				83A2FBDA1B83303900939452 /* PWMainContentView.h */,
				83A2FBDB1B83303900939452 /* PWMainContentView.m */,
				83A2FBDD1B833B2A00939452 /* PWStackContainerView.h */,
				83A2FBDE1B833B2A00939452 /* PWStackContainerView.m */,
				83A2FBE01B833B8E00939452 /* PWStackContainerViewController.h */,
				83A2FBE11B833B8E00939452 /* PWStackContainerViewController.m */,
				83480E9B1B83589900A33030 /* PWSplitView.h */,
				83480E9C1B83589900A33030 /* PWSplitView.m */,
			);
			name = "main-window";
			sourceTree = "<group>";
		};
		83A2FBCE1B830AD500939452 /* xib */ = {
			isa = PBXGroup;
			children = (
				83A2FBCB1B830AC700939452 /* PWMainWindow.xib */,
			);
			name = xib;
			sourceTree = "<group>";
		};
		83A2FBCF1B830AF600939452 /* main-menu */ = {
			isa = PBXGroup;
			children = (
				83A2FBD01B830AFD00939452 /* xib */,
			);
			name = "main-menu";
			sourceTree = "<group>";
		};
		83A2FBD01B830AFD00939452 /* xib */ = {
			isa = PBXGroup;
			children = (
				83B7941A1B7DCE5F00F4544E /* PWMainMenu.xib */,
			);
			name = xib;
			sourceTree = "<group>";
		};
		83A2FBE31B833BBE00939452 /* toolbar */ = {
			isa = PBXGroup;
			children = (
				83A2FBD41B8326BC00939452 /* PWToolbarController.h */,
				83A2FBD51B8326BC00939452 /* PWToolbarController.m */,
				83A2FBD11B8324D000939452 /* PWNavButtonsPairView.h */,
				83A2FBD21B8324D000939452 /* PWNavButtonsPairView.m */,
			);
			name = toolbar;
			sourceTree = "<group>";
		};
		83B75CAD1B7DDB2C00E9C05E /* vendor */ = {
			isa = PBXGroup;
			children = (
				83B75CAB1B7DDB0C00E9C05E /* WebKit.framework */,
				83B75CC91B7DDDA700E9C05E /* Wikikit */,
			);
			name = vendor;
			path = PureWiki/vendor;
			sourceTree = "<group>";
		};
		83B75CC91B7DDDA700E9C05E /* Wikikit */ = {
			isa = PBXGroup;
			children = (
				83A2FB9A1B80D76B00939452 /* internal */,
				83A2FBC21B80E38700939452 /* WikikitInfo.h */,
				83A2FBC31B80E38700939452 /* WikikitInfo.m */,
				83A2FB9D1B80D76B00939452 /* NSDate+Wikikit.h */,
				83A2FB9E1B80D76B00939452 /* NSDate+Wikikit.m */,
				83A2FB9F1B80D76B00939452 /* WikiConstants.h */,
				83A2FBA01B80D76B00939452 /* WikiConstants.m */,
				83A2FBA11B80D76B00939452 /* WikiContinuation.h */,
				83A2FBA21B80D76B00939452 /* WikiContinuation.m */,
				83A2FBA31B80D76B00939452 /* WikiEngine.h */,
				83A2FBA41B80D76B00939452 /* WikiEngine.m */,
				83A2FBA51B80D76B00939452 /* WikiHTTPSessionManager.h */,
				83A2FBA61B80D76B00939452 /* WikiHTTPSessionManager.m */,
				83A2FBA71B80D76B00939452 /* WikiImage.h */,
				83A2FBA81B80D76B00939452 /* WikiImage.m */,
				83A2FBA91B80D76B00939452 /* WikiJSONObject.h */,
				83A2FBAA1B80D76B00939452 /* WikiJSONObject.m */,
				83A2FBAC1B80D76B00939452 /* WikiMacros.h */,
				83A2FBAD1B80D76B00939452 /* WikiPage.h */,
				83A2FBAE1B80D76B00939452 /* WikiPage.m */,
				83A2FBAF1B80D76B00939452 /* WikiRevision.h */,
				83A2FBB01B80D76B00939452 /* WikiRevision.m */,
				83A2FBB11B80D76B00939452 /* WikiSessionDataTask.h */,
				83A2FBB21B80D76B00939452 /* WikiSessionDataTask.m */,
				83B75CCB1B7DDDA700E9C05E /* vendor */,
				83B75CCA1B7DDDA700E9C05E /* Info.plist */,
			);
			name = Wikikit;
			path = Wikikit/Wikikit;
			sourceTree = "<group>";
		};
		83B75CCB1B7DDDA700E9C05E /* vendor */ = {
			isa = PBXGroup;
			children = (
				83B75DDF1B7DDDB600E9C05E /* AFNetworking */,
			);
			path = vendor;
			sourceTree = "<group>";
		};
		83B75DDF1B7DDDB600E9C05E /* AFNetworking */ = {
			isa = PBXGroup;
			children = (
				83B75DE01B7DDDB600E9C05E /* AFHTTPRequestOperation.h */,
				83B75DE11B7DDDB600E9C05E /* AFHTTPRequestOperation.m */,
				83B75DE21B7DDDB600E9C05E /* AFHTTPRequestOperationManager.h */,
				83B75DE31B7DDDB600E9C05E /* AFHTTPRequestOperationManager.m */,
				83B75DE41B7DDDB600E9C05E /* AFHTTPSessionManager.h */,
				83B75DE51B7DDDB600E9C05E /* AFHTTPSessionManager.m */,
				83B75DE61B7DDDB600E9C05E /* AFNetworking.h */,
				83B75DE71B7DDDB600E9C05E /* AFNetworkReachabilityManager.h */,
				83B75DE81B7DDDB600E9C05E /* AFNetworkReachabilityManager.m */,
				83B75DE91B7DDDB600E9C05E /* AFSecurityPolicy.h */,
				83B75DEA1B7DDDB600E9C05E /* AFSecurityPolicy.m */,
				83B75DEB1B7DDDB600E9C05E /* AFURLConnectionOperation.h */,
				83B75DEC1B7DDDB600E9C05E /* AFURLConnectionOperation.m */,
				83B75DED1B7DDDB600E9C05E /* AFURLRequestSerialization.h */,
				83B75DEE1B7DDDB600E9C05E /* AFURLRequestSerialization.m */,
				83B75DEF1B7DDDB600E9C05E /* AFURLResponseSerialization.h */,
				83B75DF01B7DDDB600E9C05E /* AFURLResponseSerialization.m */,
				83B75DF11B7DDDB600E9C05E /* AFURLSessionManager.h */,
				83B75DF21B7DDDB600E9C05E /* AFURLSessionManager.m */,
			);
			name = AFNetworking;
			path = AFNetworking/AFNetworking;
			sourceTree = "<group>";
		};
		83B794061B7DCE5F00F4544E = {
			isa = PBXGroup;
			children = (
				83B794111B7DCE5F00F4544E /* PureWiki */,
				83B75CAD1B7DDB2C00E9C05E /* vendor */,
				83B794251B7DCE5F00F4544E /* PureWikiTests */,
				83B794301B7DCE5F00F4544E /* PureWikiUITests */,
				83B794101B7DCE5F00F4544E /* Products */,
			);
			sourceTree = "<group>";
		};
		83B794101B7DCE5F00F4544E /* Products */ = {
			isa = PBXGroup;
			children = (
				83B7940F1B7DCE5F00F4544E /* PureWiki.app */,
				83B794221B7DCE5F00F4544E /* PureWikiTests.xctest */,
				83B7942D1B7DCE5F00F4544E /* PureWikiUITests.xctest */,
			);
			name = Products;
			sourceTree = "<group>";
		};
		83B794111B7DCE5F00F4544E /* PureWiki */ = {
			isa = PBXGroup;
			children = (
				83B794121B7DCE5F00F4544E /* PWAppDelegate.h */,
				83B794131B7DCE5F00F4544E /* PWAppDelegate.m */,
				83480EA41B837D4500A33030 /* PWBrain.h */,
				83480EA51B837D4500A33030 /* PWBrain.m */,
				8322BF801B83812500A890C9 /* PWActionNotifications.h */,
				8322BF811B83812500A890C9 /* PWActionNotifications.m */,
				83A2FBCF1B830AF600939452 /* main-menu */,
				83A2FBCD1B830ACD00939452 /* main-window */,
				83A2FBE31B833BBE00939452 /* toolbar */,
				8322BF8C1B83AE7700A890C9 /* search-wikipedia */,
				83480E911B83515800A33030 /* wiki-content */,
				83480E901B83515000A33030 /* sidebar */,
				83B794151B7DCE5F00F4544E /* Supporting Files */,
			);
			path = PureWiki;
			sourceTree = "<group>";
		};
		83B794151B7DCE5F00F4544E /* Supporting Files */ = {
			isa = PBXGroup;
			children = (
				83B794631B7DD12100F4544E /* PureWiki.entitlements */,
				83B7941D1B7DCE5F00F4544E /* Info.plist */,
				83B794181B7DCE5F00F4544E /* Assets.xcassets */,
				83B794161B7DCE5F00F4544E /* main.m */,
			);
			name = "Supporting Files";
			sourceTree = "<group>";
		};
		83B794251B7DCE5F00F4544E /* PureWikiTests */ = {
			isa = PBXGroup;
			children = (
				83B794261B7DCE5F00F4544E /* PureWikiTests.m */,
				83B794281B7DCE5F00F4544E /* Info.plist */,
			);
			path = PureWikiTests;
			sourceTree = "<group>";
		};
		83B794301B7DCE5F00F4544E /* PureWikiUITests */ = {
			isa = PBXGroup;
			children = (
				83B794311B7DCE5F00F4544E /* PureWikiUITests.m */,
				83B794331B7DCE5F00F4544E /* Info.plist */,
			);
			path = PureWikiUITests;
			sourceTree = "<group>";
		};
/* End PBXGroup section */

/* Begin PBXNativeTarget section */
		83B7940E1B7DCE5F00F4544E /* PureWiki */ = {
			isa = PBXNativeTarget;
			buildConfigurationList = 83B794361B7DCE5F00F4544E /* Build configuration list for PBXNativeTarget "PureWiki" */;
			buildPhases = (
				83B7940B1B7DCE5F00F4544E /* Sources */,
				83B7940C1B7DCE5F00F4544E /* Frameworks */,
				83B7940D1B7DCE5F00F4544E /* Resources */,
			);
			buildRules = (
			);
			dependencies = (
			);
			name = PureWiki;
			productName = PureWiki;
			productReference = 83B7940F1B7DCE5F00F4544E /* PureWiki.app */;
			productType = "com.apple.product-type.application";
		};
		83B794211B7DCE5F00F4544E /* PureWikiTests */ = {
			isa = PBXNativeTarget;
			buildConfigurationList = 83B794391B7DCE5F00F4544E /* Build configuration list for PBXNativeTarget "PureWikiTests" */;
			buildPhases = (
				83B7941E1B7DCE5F00F4544E /* Sources */,
				83B7941F1B7DCE5F00F4544E /* Frameworks */,
				83B794201B7DCE5F00F4544E /* Resources */,
			);
			buildRules = (
			);
			dependencies = (
				83B794241B7DCE5F00F4544E /* PBXTargetDependency */,
			);
			name = PureWikiTests;
			productName = PureWikiTests;
			productReference = 83B794221B7DCE5F00F4544E /* PureWikiTests.xctest */;
			productType = "com.apple.product-type.bundle.unit-test";
		};
		83B7942C1B7DCE5F00F4544E /* PureWikiUITests */ = {
			isa = PBXNativeTarget;
			buildConfigurationList = 83B7943C1B7DCE5F00F4544E /* Build configuration list for PBXNativeTarget "PureWikiUITests" */;
			buildPhases = (
				83B794291B7DCE5F00F4544E /* Sources */,
				83B7942A1B7DCE5F00F4544E /* Frameworks */,
				83B7942B1B7DCE5F00F4544E /* Resources */,
			);
			buildRules = (
			);
			dependencies = (
				83B7942F1B7DCE5F00F4544E /* PBXTargetDependency */,
			);
			name = PureWikiUITests;
			productName = PureWikiUITests;
			productReference = 83B7942D1B7DCE5F00F4544E /* PureWikiUITests.xctest */;
			productType = "com.apple.product-type.bundle.ui-testing";
		};
/* End PBXNativeTarget section */

/* Begin PBXProject section */
		83B794071B7DCE5F00F4544E /* Project object */ = {
			isa = PBXProject;
			attributes = {
				LastUpgradeCheck = 0700;
				ORGANIZATIONNAME = TongKuo;
				TargetAttributes = {
					83B7940E1B7DCE5F00F4544E = {
						CreatedOnToolsVersion = 7.0;
						DevelopmentTeam = 89BSC2UYH8;
						SystemCapabilities = {
							com.apple.Sandbox = {
								enabled = 1;
							};
						};
					};
					83B794211B7DCE5F00F4544E = {
						CreatedOnToolsVersion = 7.0;
						TestTargetID = 83B7940E1B7DCE5F00F4544E;
					};
					83B7942C1B7DCE5F00F4544E = {
						CreatedOnToolsVersion = 7.0;
						TestTargetID = 83B7940E1B7DCE5F00F4544E;
					};
				};
			};
			buildConfigurationList = 83B7940A1B7DCE5F00F4544E /* Build configuration list for PBXProject "PureWiki" */;
			compatibilityVersion = "Xcode 3.2";
			developmentRegion = English;
			hasScannedForEncodings = 0;
			knownRegions = (
				en,
				Base,
			);
			mainGroup = 83B794061B7DCE5F00F4544E;
			productRefGroup = 83B794101B7DCE5F00F4544E /* Products */;
			projectDirPath = "";
			projectRoot = "";
			targets = (
				83B7940E1B7DCE5F00F4544E /* PureWiki */,
				83B794211B7DCE5F00F4544E /* PureWikiTests */,
				83B7942C1B7DCE5F00F4544E /* PureWikiUITests */,
			);
		};
/* End PBXProject section */

/* Begin PBXResourcesBuildPhase section */
		83B7940D1B7DCE5F00F4544E /* Resources */ = {
			isa = PBXResourcesBuildPhase;
			buildActionMask = 2147483647;
			files = (
				83B794191B7DCE5F00F4544E /* Assets.xcassets in Resources */,
				83509BD11B862A0400C4F454 /* PWSearchResultsAttachPanel.xib in Resources */,
				83A2FBCC1B830AC700939452 /* PWMainWindow.xib in Resources */,
				83B7941C1B7DCE5F00F4544E /* PWMainMenu.xib in Resources */,
				83B75D701B7DDDA800E9C05E /* Info.plist in Resources */,
			);
			runOnlyForDeploymentPostprocessing = 0;
		};
		83B794201B7DCE5F00F4544E /* Resources */ = {
			isa = PBXResourcesBuildPhase;
			buildActionMask = 2147483647;
			files = (
			);
			runOnlyForDeploymentPostprocessing = 0;
		};
		83B7942B1B7DCE5F00F4544E /* Resources */ = {
			isa = PBXResourcesBuildPhase;
			buildActionMask = 2147483647;
			files = (
			);
			runOnlyForDeploymentPostprocessing = 0;
		};
/* End PBXResourcesBuildPhase section */

/* Begin PBXSourcesBuildPhase section */
		83B7940B1B7DCE5F00F4544E /* Sources */ = {
			isa = PBXSourcesBuildPhase;
			buildActionMask = 2147483647;
			files = (
				83A2FBE21B833B8E00939452 /* PWStackContainerViewController.m in Sources */,
				83B75DF91B7DDDB600E9C05E /* AFURLRequestSerialization.m in Sources */,
				83480E971B83530C00A33030 /* PWSidebarTabsTable.m in Sources */,
				83A2FBBA1B80D76B00939452 /* WikiJSONObject.m in Sources */,
				83509BDD1B864B1300C4F454 /* PWSearchResultsTableCellView.m in Sources */,
				83A2FBB91B80D76B00939452 /* WikiImage.m in Sources */,
				83A2FBB71B80D76B00939452 /* WikiEngine.m in Sources */,
				83B75DF81B7DDDB600E9C05E /* AFURLConnectionOperation.m in Sources */,
				83509BE01B870D0500C4F454 /* PWSmartSearchBarController.m in Sources */,
				83B75DF71B7DDDB600E9C05E /* AFSecurityPolicy.m in Sources */,
				83A2FBBB1B80D76B00939452 /* WikiPage.m in Sources */,
				83480EA01B83728000A33030 /* PWSidebarTabsTableController.m in Sources */,
				83B75DF31B7DDDB600E9C05E /* AFHTTPRequestOperation.m in Sources */,
				83A2FBBC1B80D76B00939452 /* WikiRevision.m in Sources */,
				83B75DFB1B7DDDB600E9C05E /* AFURLSessionManager.m in Sources */,
				83A2FBB81B80D76B00939452 /* WikiHTTPSessionManager.m in Sources */,
				83A2FBCA1B830ABB00939452 /* PWMainWindowController.m in Sources */,
				83A2FBDF1B833B2A00939452 /* PWStackContainerView.m in Sources */,
				83A2FBC41B80E38700939452 /* WikikitInfo.m in Sources */,
				83A2FBBD1B80D76B00939452 /* WikiSessionDataTask.m in Sources */,
				83509BD71B86388E00C4F454 /* NSObject+PWSmartSearchBar.m in Sources */,
				83A2FBD31B8324D000939452 /* PWNavButtonsPairView.m in Sources */,
				83480E941B8351BF00A33030 /* PWWikiContentView.m in Sources */,
				83A2FBC71B830AB000939452 /* PWMainWindow.m in Sources */,
				83509BCF1B8629DF00C4F454 /* PWSearchResultsAttachPanel.m in Sources */,
				83509BD41B862A1400C4F454 /* PWSearchResultsAttachPanelController.m in Sources */,
				83480EA61B837D4500A33030 /* PWBrain.m in Sources */,
				83B75DFA1B7DDDB600E9C05E /* AFURLResponseSerialization.m in Sources */,
				83B794171B7DCE5F00F4544E /* main.m in Sources */,
				83A2FBD61B8326BC00939452 /* PWToolbarController.m in Sources */,
				83B75DF51B7DDDB600E9C05E /* AFHTTPSessionManager.m in Sources */,
				83A2FBDC1B83303900939452 /* PWMainContentView.m in Sources */,
				83B75DF41B7DDDB600E9C05E /* AFHTTPRequestOperationManager.m in Sources */,
				8322BF821B83812500A890C9 /* PWActionNotifications.m in Sources */,
				83A2FBB51B80D76B00939452 /* WikiConstants.m in Sources */,
				83A2FBB41B80D76B00939452 /* NSDate+Wikikit.m in Sources */,
				83B75DF61B7DDDB600E9C05E /* AFNetworkReachabilityManager.m in Sources */,
				8322BF961B83C6F400A890C9 /* PWSmartSearchBar.m in Sources */,
				83480E9A1B83532D00A33030 /* PWSidebarTabsTableCell.m in Sources */,
				83A2FBB61B80D76B00939452 /* WikiContinuation.m in Sources */,
				83B794141B7DCE5F00F4544E /* PWAppDelegate.m in Sources */,
				83480E9D1B83589900A33030 /* PWSplitView.m in Sources */,
				83A2FBB31B80D76B00939452 /* _WikiJSON.m in Sources */,
				83509BDA1B864A9100C4F454 /* PWSearchResultsTableView.m in Sources */,
			);
			runOnlyForDeploymentPostprocessing = 0;
		};
		83B7941E1B7DCE5F00F4544E /* Sources */ = {
			isa = PBXSourcesBuildPhase;
			buildActionMask = 2147483647;
			files = (
				83B794271B7DCE5F00F4544E /* PureWikiTests.m in Sources */,
			);
			runOnlyForDeploymentPostprocessing = 0;
		};
		83B794291B7DCE5F00F4544E /* Sources */ = {
			isa = PBXSourcesBuildPhase;
			buildActionMask = 2147483647;
			files = (
				83B794321B7DCE5F00F4544E /* PureWikiUITests.m in Sources */,
			);
			runOnlyForDeploymentPostprocessing = 0;
		};
/* End PBXSourcesBuildPhase section */

/* Begin PBXTargetDependency section */
		83B794241B7DCE5F00F4544E /* PBXTargetDependency */ = {
			isa = PBXTargetDependency;
			target = 83B7940E1B7DCE5F00F4544E /* PureWiki */;
			targetProxy = 83B794231B7DCE5F00F4544E /* PBXContainerItemProxy */;
		};
		83B7942F1B7DCE5F00F4544E /* PBXTargetDependency */ = {
			isa = PBXTargetDependency;
			target = 83B7940E1B7DCE5F00F4544E /* PureWiki */;
			targetProxy = 83B7942E1B7DCE5F00F4544E /* PBXContainerItemProxy */;
		};
/* End PBXTargetDependency section */

/* Begin PBXVariantGroup section */
		83B7941A1B7DCE5F00F4544E /* PWMainMenu.xib */ = {
			isa = PBXVariantGroup;
			children = (
				83B7941B1B7DCE5F00F4544E /* Base */,
			);
			name = PWMainMenu.xib;
			sourceTree = "<group>";
		};
/* End PBXVariantGroup section */

/* Begin XCBuildConfiguration section */
		83B794341B7DCE5F00F4544E /* Debug */ = {
			isa = XCBuildConfiguration;
			buildSettings = {
				ALWAYS_SEARCH_USER_PATHS = NO;
				CLANG_CXX_LANGUAGE_STANDARD = "gnu++0x";
				CLANG_CXX_LIBRARY = "libc++";
				CLANG_ENABLE_MODULES = YES;
				CLANG_ENABLE_OBJC_ARC = YES;
				CLANG_WARN_BOOL_CONVERSION = YES;
				CLANG_WARN_CONSTANT_CONVERSION = YES;
				CLANG_WARN_DIRECT_OBJC_ISA_USAGE = YES_ERROR;
				CLANG_WARN_EMPTY_BODY = YES;
				CLANG_WARN_ENUM_CONVERSION = YES;
				CLANG_WARN_INT_CONVERSION = YES;
				CLANG_WARN_OBJC_ROOT_CLASS = YES_ERROR;
				CLANG_WARN_UNREACHABLE_CODE = YES;
				CLANG_WARN__DUPLICATE_METHOD_MATCH = YES;
				CODE_SIGN_IDENTITY = "-";
				COPY_PHASE_STRIP = NO;
				DEBUG_INFORMATION_FORMAT = dwarf;
				ENABLE_STRICT_OBJC_MSGSEND = YES;
				ENABLE_TESTABILITY = YES;
				GCC_C_LANGUAGE_STANDARD = gnu99;
				GCC_DYNAMIC_NO_PIC = NO;
				GCC_NO_COMMON_BLOCKS = YES;
				GCC_OPTIMIZATION_LEVEL = 0;
				GCC_PREPROCESSOR_DEFINITIONS = (
					"DEBUG=1",
					"$(inherited)",
				);
				GCC_WARN_64_TO_32_BIT_CONVERSION = YES;
				GCC_WARN_ABOUT_RETURN_TYPE = YES_ERROR;
				GCC_WARN_UNDECLARED_SELECTOR = YES;
				GCC_WARN_UNINITIALIZED_AUTOS = YES_AGGRESSIVE;
				GCC_WARN_UNUSED_FUNCTION = YES;
				GCC_WARN_UNUSED_VARIABLE = YES;
				MACOSX_DEPLOYMENT_TARGET = 10.10;
				MTL_ENABLE_DEBUG_INFO = YES;
				ONLY_ACTIVE_ARCH = YES;
				SDKROOT = macosx;
			};
			name = Debug;
		};
		83B794351B7DCE5F00F4544E /* Release */ = {
			isa = XCBuildConfiguration;
			buildSettings = {
				ALWAYS_SEARCH_USER_PATHS = NO;
				CLANG_CXX_LANGUAGE_STANDARD = "gnu++0x";
				CLANG_CXX_LIBRARY = "libc++";
				CLANG_ENABLE_MODULES = YES;
				CLANG_ENABLE_OBJC_ARC = YES;
				CLANG_WARN_BOOL_CONVERSION = YES;
				CLANG_WARN_CONSTANT_CONVERSION = YES;
				CLANG_WARN_DIRECT_OBJC_ISA_USAGE = YES_ERROR;
				CLANG_WARN_EMPTY_BODY = YES;
				CLANG_WARN_ENUM_CONVERSION = YES;
				CLANG_WARN_INT_CONVERSION = YES;
				CLANG_WARN_OBJC_ROOT_CLASS = YES_ERROR;
				CLANG_WARN_UNREACHABLE_CODE = YES;
				CLANG_WARN__DUPLICATE_METHOD_MATCH = YES;
				CODE_SIGN_IDENTITY = "-";
				COPY_PHASE_STRIP = NO;
				DEBUG_INFORMATION_FORMAT = "dwarf-with-dsym";
				ENABLE_NS_ASSERTIONS = NO;
				ENABLE_STRICT_OBJC_MSGSEND = YES;
				GCC_C_LANGUAGE_STANDARD = gnu99;
				GCC_NO_COMMON_BLOCKS = YES;
				GCC_WARN_64_TO_32_BIT_CONVERSION = YES;
				GCC_WARN_ABOUT_RETURN_TYPE = YES_ERROR;
				GCC_WARN_UNDECLARED_SELECTOR = YES;
				GCC_WARN_UNINITIALIZED_AUTOS = YES_AGGRESSIVE;
				GCC_WARN_UNUSED_FUNCTION = YES;
				GCC_WARN_UNUSED_VARIABLE = YES;
				MACOSX_DEPLOYMENT_TARGET = 10.10;
				MTL_ENABLE_DEBUG_INFO = NO;
				SDKROOT = macosx;
			};
			name = Release;
		};
		83B794371B7DCE5F00F4544E /* Debug */ = {
			isa = XCBuildConfiguration;
			buildSettings = {
				ASSETCATALOG_COMPILER_APPICON_NAME = AppIcon;
				CODE_SIGN_ENTITLEMENTS = PureWiki/PureWiki.entitlements;
				CODE_SIGN_IDENTITY = "Mac Developer";
				COMBINE_HIDPI_IMAGES = YES;
				ENABLE_STRICT_OBJC_MSGSEND = NO;
				INFOPLIST_FILE = PureWiki/Info.plist;
				LD_RUNPATH_SEARCH_PATHS = "$(inherited) @executable_path/../Frameworks";
				PRODUCT_BUNDLE_IDENTIFIER = home.bedroom.TongKuo.PureWiki;
				PRODUCT_NAME = "$(TARGET_NAME)";
			};
			name = Debug;
		};
		83B794381B7DCE5F00F4544E /* Release */ = {
			isa = XCBuildConfiguration;
			buildSettings = {
				ASSETCATALOG_COMPILER_APPICON_NAME = AppIcon;
				CODE_SIGN_ENTITLEMENTS = PureWiki/PureWiki.entitlements;
				CODE_SIGN_IDENTITY = "Mac Developer";
				COMBINE_HIDPI_IMAGES = YES;
				ENABLE_STRICT_OBJC_MSGSEND = NO;
				INFOPLIST_FILE = PureWiki/Info.plist;
				LD_RUNPATH_SEARCH_PATHS = "$(inherited) @executable_path/../Frameworks";
				PRODUCT_BUNDLE_IDENTIFIER = home.bedroom.TongKuo.PureWiki;
				PRODUCT_NAME = "$(TARGET_NAME)";
			};
			name = Release;
		};
		83B7943A1B7DCE5F00F4544E /* Debug */ = {
			isa = XCBuildConfiguration;
			buildSettings = {
				BUNDLE_LOADER = "$(TEST_HOST)";
				COMBINE_HIDPI_IMAGES = YES;
				INFOPLIST_FILE = PureWikiTests/Info.plist;
				LD_RUNPATH_SEARCH_PATHS = "$(inherited) @executable_path/../Frameworks @loader_path/../Frameworks";
				PRODUCT_BUNDLE_IDENTIFIER = home.bedroom.TongKuo.PureWikiTests;
				PRODUCT_NAME = "$(TARGET_NAME)";
				TEST_HOST = "$(BUILT_PRODUCTS_DIR)/PureWiki.app/Contents/MacOS/PureWiki";
			};
			name = Debug;
		};
		83B7943B1B7DCE5F00F4544E /* Release */ = {
			isa = XCBuildConfiguration;
			buildSettings = {
				BUNDLE_LOADER = "$(TEST_HOST)";
				COMBINE_HIDPI_IMAGES = YES;
				INFOPLIST_FILE = PureWikiTests/Info.plist;
				LD_RUNPATH_SEARCH_PATHS = "$(inherited) @executable_path/../Frameworks @loader_path/../Frameworks";
				PRODUCT_BUNDLE_IDENTIFIER = home.bedroom.TongKuo.PureWikiTests;
				PRODUCT_NAME = "$(TARGET_NAME)";
				TEST_HOST = "$(BUILT_PRODUCTS_DIR)/PureWiki.app/Contents/MacOS/PureWiki";
			};
			name = Release;
		};
		83B7943D1B7DCE5F00F4544E /* Debug */ = {
			isa = XCBuildConfiguration;
			buildSettings = {
				COMBINE_HIDPI_IMAGES = YES;
				INFOPLIST_FILE = PureWikiUITests/Info.plist;
				LD_RUNPATH_SEARCH_PATHS = "$(inherited) @executable_path/../Frameworks @loader_path/../Frameworks";
				PRODUCT_BUNDLE_IDENTIFIER = home.bedroom.TongKuo.PureWikiUITests;
				PRODUCT_NAME = "$(TARGET_NAME)";
				TEST_TARGET_NAME = PureWiki;
				USES_XCTRUNNER = YES;
			};
			name = Debug;
		};
		83B7943E1B7DCE5F00F4544E /* Release */ = {
			isa = XCBuildConfiguration;
			buildSettings = {
				COMBINE_HIDPI_IMAGES = YES;
				INFOPLIST_FILE = PureWikiUITests/Info.plist;
				LD_RUNPATH_SEARCH_PATHS = "$(inherited) @executable_path/../Frameworks @loader_path/../Frameworks";
				PRODUCT_BUNDLE_IDENTIFIER = home.bedroom.TongKuo.PureWikiUITests;
				PRODUCT_NAME = "$(TARGET_NAME)";
				TEST_TARGET_NAME = PureWiki;
				USES_XCTRUNNER = YES;
			};
			name = Release;
		};
/* End XCBuildConfiguration section */

/* Begin XCConfigurationList section */
		83B7940A1B7DCE5F00F4544E /* Build configuration list for PBXProject "PureWiki" */ = {
			isa = XCConfigurationList;
			buildConfigurations = (
				83B794341B7DCE5F00F4544E /* Debug */,
				83B794351B7DCE5F00F4544E /* Release */,
			);
			defaultConfigurationIsVisible = 0;
			defaultConfigurationName = Release;
		};
		83B794361B7DCE5F00F4544E /* Build configuration list for PBXNativeTarget "PureWiki" */ = {
			isa = XCConfigurationList;
			buildConfigurations = (
				83B794371B7DCE5F00F4544E /* Debug */,
				83B794381B7DCE5F00F4544E /* Release */,
			);
			defaultConfigurationIsVisible = 0;
			defaultConfigurationName = Release;
		};
		83B794391B7DCE5F00F4544E /* Build configuration list for PBXNativeTarget "PureWikiTests" */ = {
			isa = XCConfigurationList;
			buildConfigurations = (
				83B7943A1B7DCE5F00F4544E /* Debug */,
				83B7943B1B7DCE5F00F4544E /* Release */,
			);
			defaultConfigurationIsVisible = 0;
			defaultConfigurationName = Release;
		};
		83B7943C1B7DCE5F00F4544E /* Build configuration list for PBXNativeTarget "PureWikiUITests" */ = {
			isa = XCConfigurationList;
			buildConfigurations = (
				83B7943D1B7DCE5F00F4544E /* Debug */,
				83B7943E1B7DCE5F00F4544E /* Release */,
			);
			defaultConfigurationIsVisible = 0;
			defaultConfigurationName = Release;
		};
/* End XCConfigurationList section */
	};
	rootObject = 83B794071B7DCE5F00F4544E /* Project object */;
}
