// !$*UTF8*$!
{
	archiveVersion = 1;
	classes = {
	};
	objectVersion = 46;
	objects = {

/* Begin PBXBuildFile section */
		8321EC7F1B8A2C7D0099C824 /* PWSearchResultsAttachPanelBlurBgView.m in Sources */ = {isa = PBXBuildFile; fileRef = 8321EC7E1B8A2C7D0099C824 /* PWSearchResultsAttachPanelBlurBgView.m */; };
		8321EC841B8C0C940099C824 /* PWPWikiPageImageWell.m in Sources */ = {isa = PBXBuildFile; fileRef = 8321EC811B8C0C940099C824 /* PWPWikiPageImageWell.m */; };
		8321EC851B8C0C940099C824 /* PWWikiPageImageCell.m in Sources */ = {isa = PBXBuildFile; fileRef = 8321EC831B8C0C940099C824 /* PWWikiPageImageCell.m */; };
		8321EC8F1B8C30490099C824 /* wikipage-image-highlighted.png in Resources */ = {isa = PBXBuildFile; fileRef = 8321EC8B1B8C30490099C824 /* wikipage-image-highlighted.png */; };
		8321EC901B8C30490099C824 /* wikipage-image-highlighted@2x.png in Resources */ = {isa = PBXBuildFile; fileRef = 8321EC8C1B8C30490099C824 /* wikipage-image-highlighted@2x.png */; };
		8321EC911B8C30490099C824 /* wikipage-image-normal.png in Resources */ = {isa = PBXBuildFile; fileRef = 8321EC8D1B8C30490099C824 /* wikipage-image-normal.png */; };
		8321EC921B8C30490099C824 /* wikipage-image-normal@2x.png in Resources */ = {isa = PBXBuildFile; fileRef = 8321EC8E1B8C30490099C824 /* wikipage-image-normal@2x.png */; };
		8321EC951B8C40C40099C824 /* PWArtworkConstants.m in Sources */ = {isa = PBXBuildFile; fileRef = 8321EC941B8C40C40099C824 /* PWArtworkConstants.m */; };
		8322BF821B83812500A890C9 /* PWActionNotifications.m in Sources */ = {isa = PBXBuildFile; fileRef = 8322BF811B83812500A890C9 /* PWActionNotifications.m */; };
		8322BF961B83C6F400A890C9 /* PWSmartSearchBar.m in Sources */ = {isa = PBXBuildFile; fileRef = 8322BF951B83C6F400A890C9 /* PWSmartSearchBar.m */; };
		8330E5CD1B88FFA800373760 /* NSURL+PureWiki.m in Sources */ = {isa = PBXBuildFile; fileRef = 8330E5CC1B88FFA800373760 /* NSURL+PureWiki.m */; };
		8330E5D01B890BD400373760 /* PWUtilities.m in Sources */ = {isa = PBXBuildFile; fileRef = 8330E5CF1B890BD400373760 /* PWUtilities.m */; };
		83480E941B8351BF00A33030 /* PWWikiContentView.m in Sources */ = {isa = PBXBuildFile; fileRef = 83480E931B8351BF00A33030 /* PWWikiContentView.m */; };
		83480E971B83530C00A33030 /* PWSidebarTabsTable.m in Sources */ = {isa = PBXBuildFile; fileRef = 83480E961B83530C00A33030 /* PWSidebarTabsTable.m */; };
		83480E9A1B83532D00A33030 /* PWSidebarTabsTableCell.m in Sources */ = {isa = PBXBuildFile; fileRef = 83480E991B83532D00A33030 /* PWSidebarTabsTableCell.m */; };
		83480E9D1B83589900A33030 /* PWSplitView.m in Sources */ = {isa = PBXBuildFile; fileRef = 83480E9C1B83589900A33030 /* PWSplitView.m */; };
		83480EA01B83728000A33030 /* PWSidebarTabsTableController.m in Sources */ = {isa = PBXBuildFile; fileRef = 83480E9F1B83728000A33030 /* PWSidebarTabsTableController.m */; };
		83509BCF1B8629DF00C4F454 /* PWSearchResultsAttachPanel.m in Sources */ = {isa = PBXBuildFile; fileRef = 83509BCE1B8629DF00C4F454 /* PWSearchResultsAttachPanel.m */; };
		83509BD11B862A0400C4F454 /* PWSearchResultsAttachPanel.xib in Resources */ = {isa = PBXBuildFile; fileRef = 83509BD01B862A0400C4F454 /* PWSearchResultsAttachPanel.xib */; };
		83509BD41B862A1400C4F454 /* PWSearchResultsAttachPanelController.m in Sources */ = {isa = PBXBuildFile; fileRef = 83509BD31B862A1400C4F454 /* PWSearchResultsAttachPanelController.m */; };
		83509BD71B86388E00C4F454 /* NSObject+PWSmartSearchBar.m in Sources */ = {isa = PBXBuildFile; fileRef = 83509BD61B86388E00C4F454 /* NSObject+PWSmartSearchBar.m */; };
		83509BDA1B864A9100C4F454 /* PWSearchResultsTableView.m in Sources */ = {isa = PBXBuildFile; fileRef = 83509BD91B864A9100C4F454 /* PWSearchResultsTableView.m */; };
		83509BDD1B864B1300C4F454 /* PWSearchResultsTableCellView.m in Sources */ = {isa = PBXBuildFile; fileRef = 83509BDC1B864B1300C4F454 /* PWSearchResultsTableCellView.m */; };
		83509BE01B870D0500C4F454 /* PWSmartSearchBarController.m in Sources */ = {isa = PBXBuildFile; fileRef = 83509BDF1B870D0500C4F454 /* PWSmartSearchBarController.m */; };
		83509BE31B8738E800C4F454 /* PWWikiContentViewController.m in Sources */ = {isa = PBXBuildFile; fileRef = 83509BE21B8738E800C4F454 /* PWWikiContentViewController.m */; };
		83509BE61B8739FD00C4F454 /* PWWikiContentView.xib in Resources */ = {isa = PBXBuildFile; fileRef = 83509BE51B8739FD00C4F454 /* PWWikiContentView.xib */; };
		83A2FBC71B830AB000939452 /* PWMainWindow.m in Sources */ = {isa = PBXBuildFile; fileRef = 83A2FBC61B830AB000939452 /* PWMainWindow.m */; };
		83A2FBCA1B830ABB00939452 /* PWMainWindowController.m in Sources */ = {isa = PBXBuildFile; fileRef = 83A2FBC91B830ABB00939452 /* PWMainWindowController.m */; };
		83A2FBCC1B830AC700939452 /* PWMainWindow.xib in Resources */ = {isa = PBXBuildFile; fileRef = 83A2FBCB1B830AC700939452 /* PWMainWindow.xib */; };
		83A2FBD31B8324D000939452 /* PWNavButtonsPairView.m in Sources */ = {isa = PBXBuildFile; fileRef = 83A2FBD21B8324D000939452 /* PWNavButtonsPairView.m */; };
		83A2FBD61B8326BC00939452 /* PWToolbarController.m in Sources */ = {isa = PBXBuildFile; fileRef = 83A2FBD51B8326BC00939452 /* PWToolbarController.m */; };
		83A2FBDC1B83303900939452 /* PWMainContentView.m in Sources */ = {isa = PBXBuildFile; fileRef = 83A2FBDB1B83303900939452 /* PWMainContentView.m */; };
		83A2FBDF1B833B2A00939452 /* PWStackContainerView.m in Sources */ = {isa = PBXBuildFile; fileRef = 83A2FBDE1B833B2A00939452 /* PWStackContainerView.m */; };
		83A2FBE21B833B8E00939452 /* PWStackContainerViewController.m in Sources */ = {isa = PBXBuildFile; fileRef = 83A2FBE11B833B8E00939452 /* PWStackContainerViewController.m */; };
		83B75CAC1B7DDB0C00E9C05E /* WebKit.framework in Frameworks */ = {isa = PBXBuildFile; fileRef = 83B75CAB1B7DDB0C00E9C05E /* WebKit.framework */; };
		83B794141B7DCE5F00F4544E /* PWAppDelegate.m in Sources */ = {isa = PBXBuildFile; fileRef = 83B794131B7DCE5F00F4544E /* PWAppDelegate.m */; };
		83B794171B7DCE5F00F4544E /* main.m in Sources */ = {isa = PBXBuildFile; fileRef = 83B794161B7DCE5F00F4544E /* main.m */; };
		83B794191B7DCE5F00F4544E /* Assets.xcassets in Resources */ = {isa = PBXBuildFile; fileRef = 83B794181B7DCE5F00F4544E /* Assets.xcassets */; };
		83B7941C1B7DCE5F00F4544E /* PWMainMenu.xib in Resources */ = {isa = PBXBuildFile; fileRef = 83B7941A1B7DCE5F00F4544E /* PWMainMenu.xib */; };
		83B794271B7DCE5F00F4544E /* PureWikiTests.m in Sources */ = {isa = PBXBuildFile; fileRef = 83B794261B7DCE5F00F4544E /* PureWikiTests.m */; };
		83B794321B7DCE5F00F4544E /* PureWikiUITests.m in Sources */ = {isa = PBXBuildFile; fileRef = 83B794311B7DCE5F00F4544E /* PureWikiUITests.m */; };
		83B7AFC01B878EAC002DE75A /* _WikiJSON.m in Sources */ = {isa = PBXBuildFile; fileRef = 83B7AEF91B878EAB002DE75A /* _WikiJSON.m */; };
		83B7AFC11B878EAC002DE75A /* NSDate+Wikikit.m in Sources */ = {isa = PBXBuildFile; fileRef = 83B7AEFB1B878EAB002DE75A /* NSDate+Wikikit.m */; };
		83B7AFC51B878EAC002DE75A /* AFHTTPRequestOperation.m in Sources */ = {isa = PBXBuildFile; fileRef = 83B7AF031B878EAB002DE75A /* AFHTTPRequestOperation.m */; };
		83B7AFC61B878EAC002DE75A /* AFHTTPRequestOperationManager.m in Sources */ = {isa = PBXBuildFile; fileRef = 83B7AF051B878EAB002DE75A /* AFHTTPRequestOperationManager.m */; };
		83B7AFC71B878EAC002DE75A /* AFHTTPSessionManager.m in Sources */ = {isa = PBXBuildFile; fileRef = 83B7AF071B878EAB002DE75A /* AFHTTPSessionManager.m */; };
		83B7AFC81B878EAC002DE75A /* AFNetworkReachabilityManager.m in Sources */ = {isa = PBXBuildFile; fileRef = 83B7AF0A1B878EAB002DE75A /* AFNetworkReachabilityManager.m */; };
		83B7AFC91B878EAC002DE75A /* AFSecurityPolicy.m in Sources */ = {isa = PBXBuildFile; fileRef = 83B7AF0C1B878EAB002DE75A /* AFSecurityPolicy.m */; };
		83B7AFCA1B878EAC002DE75A /* AFURLConnectionOperation.m in Sources */ = {isa = PBXBuildFile; fileRef = 83B7AF0E1B878EAB002DE75A /* AFURLConnectionOperation.m */; };
		83B7AFCB1B878EAC002DE75A /* AFURLRequestSerialization.m in Sources */ = {isa = PBXBuildFile; fileRef = 83B7AF101B878EAB002DE75A /* AFURLRequestSerialization.m */; };
		83B7AFCC1B878EAC002DE75A /* AFURLResponseSerialization.m in Sources */ = {isa = PBXBuildFile; fileRef = 83B7AF121B878EAB002DE75A /* AFURLResponseSerialization.m */; };
		83B7AFCD1B878EAC002DE75A /* AFURLSessionManager.m in Sources */ = {isa = PBXBuildFile; fileRef = 83B7AF141B878EAB002DE75A /* AFURLSessionManager.m */; };
		83B7B0211B878EAC002DE75A /* WikiConstants.m in Sources */ = {isa = PBXBuildFile; fileRef = 83B7AFA11B878EAC002DE75A /* WikiConstants.m */; };
		83B7B0221B878EAC002DE75A /* WikiContinuation.m in Sources */ = {isa = PBXBuildFile; fileRef = 83B7AFA31B878EAC002DE75A /* WikiContinuation.m */; };
		83B7B0231B878EAC002DE75A /* WikiEngine.m in Sources */ = {isa = PBXBuildFile; fileRef = 83B7AFA51B878EAC002DE75A /* WikiEngine.m */; };
		83B7B0241B878EAC002DE75A /* WikiHTTPSessionManager.m in Sources */ = {isa = PBXBuildFile; fileRef = 83B7AFA71B878EAC002DE75A /* WikiHTTPSessionManager.m */; };
		83B7B0251B878EAC002DE75A /* WikiImage.m in Sources */ = {isa = PBXBuildFile; fileRef = 83B7AFA91B878EAC002DE75A /* WikiImage.m */; };
		83B7B0261B878EAC002DE75A /* WikiJSONObject.m in Sources */ = {isa = PBXBuildFile; fileRef = 83B7AFAB1B878EAC002DE75A /* WikiJSONObject.m */; };
		83B7B0271B878EAC002DE75A /* WikikitInfo.m in Sources */ = {isa = PBXBuildFile; fileRef = 83B7AFAD1B878EAC002DE75A /* WikikitInfo.m */; };
		83B7B0281B878EAC002DE75A /* WikiPage.m in Sources */ = {isa = PBXBuildFile; fileRef = 83B7AFB01B878EAC002DE75A /* WikiPage.m */; };
		83B7B0291B878EAC002DE75A /* WikiRevision.m in Sources */ = {isa = PBXBuildFile; fileRef = 83B7AFB21B878EAC002DE75A /* WikiRevision.m */; };
		83B7B02A1B878EAC002DE75A /* WikiSessionDataTask.m in Sources */ = {isa = PBXBuildFile; fileRef = 83B7AFB41B878EAC002DE75A /* WikiSessionDataTask.m */; };
		83B7B0461B87A1F6002DE75A /* PWCastrateFactory.m in Sources */ = {isa = PBXBuildFile; fileRef = 83B7B0451B87A1F6002DE75A /* PWCastrateFactory.m */; };
		83B7B0481B87A510002DE75A /* purewikied-css.css in Resources */ = {isa = PBXBuildFile; fileRef = 83B7B0471B87A510002DE75A /* purewikied-css.css */; };
		83D46ABC1B878B900061BE7E /* ALView+PureLayout.m in Sources */ = {isa = PBXBuildFile; fileRef = 83D46AB41B878B900061BE7E /* ALView+PureLayout.m */; };
		83D46ABD1B878B900061BE7E /* NSArray+PureLayout.m in Sources */ = {isa = PBXBuildFile; fileRef = 83D46AB61B878B900061BE7E /* NSArray+PureLayout.m */; };
		83D46ABE1B878B900061BE7E /* NSLayoutConstraint+PureLayout.m in Sources */ = {isa = PBXBuildFile; fileRef = 83D46AB81B878B900061BE7E /* NSLayoutConstraint+PureLayout.m */; };
		83D591161B89EC910018BC1C /* FBKVOController.m in Sources */ = {isa = PBXBuildFile; fileRef = 83D591131B89EC910018BC1C /* FBKVOController.m */; };
		83D591171B89EC910018BC1C /* NSObject+FBKVOController.m in Sources */ = {isa = PBXBuildFile; fileRef = 83D591151B89EC910018BC1C /* NSObject+FBKVOController.m */; };
/* End PBXBuildFile section */

/* Begin PBXContainerItemProxy section */
		83B794231B7DCE5F00F4544E /* PBXContainerItemProxy */ = {
			isa = PBXContainerItemProxy;
			containerPortal = 83B794071B7DCE5F00F4544E /* Project object */;
			proxyType = 1;
			remoteGlobalIDString = 83B7940E1B7DCE5F00F4544E;
			remoteInfo = PureWiki;
		};
		83B7942E1B7DCE5F00F4544E /* PBXContainerItemProxy */ = {
			isa = PBXContainerItemProxy;
			containerPortal = 83B794071B7DCE5F00F4544E /* Project object */;
			proxyType = 1;
			remoteGlobalIDString = 83B7940E1B7DCE5F00F4544E;
			remoteInfo = PureWiki;
		};
/* End PBXContainerItemProxy section */

/* Begin PBXFileReference section */
		8321EC7D1B8A2C7D0099C824 /* PWSearchResultsAttachPanelBlurBgView.h */ = {isa = PBXFileReference; fileEncoding = 4; lastKnownFileType = sourcecode.c.h; path = PWSearchResultsAttachPanelBlurBgView.h; sourceTree = "<group>"; };
		8321EC7E1B8A2C7D0099C824 /* PWSearchResultsAttachPanelBlurBgView.m */ = {isa = PBXFileReference; fileEncoding = 4; lastKnownFileType = sourcecode.c.objc; path = PWSearchResultsAttachPanelBlurBgView.m; sourceTree = "<group>"; };
		8321EC801B8C0C940099C824 /* PWPWikiPageImageWell.h */ = {isa = PBXFileReference; fileEncoding = 4; lastKnownFileType = sourcecode.c.h; path = PWPWikiPageImageWell.h; sourceTree = "<group>"; };
		8321EC811B8C0C940099C824 /* PWPWikiPageImageWell.m */ = {isa = PBXFileReference; fileEncoding = 4; lastKnownFileType = sourcecode.c.objc; path = PWPWikiPageImageWell.m; sourceTree = "<group>"; };
		8321EC821B8C0C940099C824 /* PWWikiPageImageCell.h */ = {isa = PBXFileReference; fileEncoding = 4; lastKnownFileType = sourcecode.c.h; path = PWWikiPageImageCell.h; sourceTree = "<group>"; };
		8321EC831B8C0C940099C824 /* PWWikiPageImageCell.m */ = {isa = PBXFileReference; fileEncoding = 4; lastKnownFileType = sourcecode.c.objc; path = PWWikiPageImageCell.m; sourceTree = "<group>"; };
		8321EC8B1B8C30490099C824 /* wikipage-image-highlighted.png */ = {isa = PBXFileReference; lastKnownFileType = image.png; path = "wikipage-image-highlighted.png"; sourceTree = "<group>"; };
		8321EC8C1B8C30490099C824 /* wikipage-image-highlighted@2x.png */ = {isa = PBXFileReference; lastKnownFileType = image.png; path = "wikipage-image-highlighted@2x.png"; sourceTree = "<group>"; };
		8321EC8D1B8C30490099C824 /* wikipage-image-normal.png */ = {isa = PBXFileReference; lastKnownFileType = image.png; path = "wikipage-image-normal.png"; sourceTree = "<group>"; };
		8321EC8E1B8C30490099C824 /* wikipage-image-normal@2x.png */ = {isa = PBXFileReference; lastKnownFileType = image.png; path = "wikipage-image-normal@2x.png"; sourceTree = "<group>"; };
		8321EC931B8C40C40099C824 /* PWArtworkConstants.h */ = {isa = PBXFileReference; fileEncoding = 4; lastKnownFileType = sourcecode.c.h; path = PWArtworkConstants.h; sourceTree = "<group>"; };
		8321EC941B8C40C40099C824 /* PWArtworkConstants.m */ = {isa = PBXFileReference; fileEncoding = 4; lastKnownFileType = sourcecode.c.objc; path = PWArtworkConstants.m; sourceTree = "<group>"; };
		8322BF801B83812500A890C9 /* PWActionNotifications.h */ = {isa = PBXFileReference; fileEncoding = 4; lastKnownFileType = sourcecode.c.h; path = PWActionNotifications.h; sourceTree = "<group>"; };
		8322BF811B83812500A890C9 /* PWActionNotifications.m */ = {isa = PBXFileReference; fileEncoding = 4; lastKnownFileType = sourcecode.c.objc; path = PWActionNotifications.m; sourceTree = "<group>"; };
		8322BF941B83C6F400A890C9 /* PWSmartSearchBar.h */ = {isa = PBXFileReference; fileEncoding = 4; lastKnownFileType = sourcecode.c.h; path = PWSmartSearchBar.h; sourceTree = "<group>"; };
		8322BF951B83C6F400A890C9 /* PWSmartSearchBar.m */ = {isa = PBXFileReference; fileEncoding = 4; lastKnownFileType = sourcecode.c.objc; path = PWSmartSearchBar.m; sourceTree = "<group>"; };
		8330E5CB1B88FFA800373760 /* NSURL+PureWiki.h */ = {isa = PBXFileReference; fileEncoding = 4; lastKnownFileType = sourcecode.c.h; path = "NSURL+PureWiki.h"; sourceTree = "<group>"; };
		8330E5CC1B88FFA800373760 /* NSURL+PureWiki.m */ = {isa = PBXFileReference; fileEncoding = 4; lastKnownFileType = sourcecode.c.objc; path = "NSURL+PureWiki.m"; sourceTree = "<group>"; };
		8330E5CE1B890BD400373760 /* PWUtilities.h */ = {isa = PBXFileReference; fileEncoding = 4; lastKnownFileType = sourcecode.c.h; path = PWUtilities.h; sourceTree = "<group>"; };
		8330E5CF1B890BD400373760 /* PWUtilities.m */ = {isa = PBXFileReference; fileEncoding = 4; lastKnownFileType = sourcecode.c.objc; path = PWUtilities.m; sourceTree = "<group>"; };
		83480E921B8351BF00A33030 /* PWWikiContentView.h */ = {isa = PBXFileReference; fileEncoding = 4; lastKnownFileType = sourcecode.c.h; path = PWWikiContentView.h; sourceTree = "<group>"; };
		83480E931B8351BF00A33030 /* PWWikiContentView.m */ = {isa = PBXFileReference; fileEncoding = 4; lastKnownFileType = sourcecode.c.objc; path = PWWikiContentView.m; sourceTree = "<group>"; };
		83480E951B83530C00A33030 /* PWSidebarTabsTable.h */ = {isa = PBXFileReference; fileEncoding = 4; lastKnownFileType = sourcecode.c.h; path = PWSidebarTabsTable.h; sourceTree = "<group>"; };
		83480E961B83530C00A33030 /* PWSidebarTabsTable.m */ = {isa = PBXFileReference; fileEncoding = 4; lastKnownFileType = sourcecode.c.objc; path = PWSidebarTabsTable.m; sourceTree = "<group>"; };
		83480E981B83532D00A33030 /* PWSidebarTabsTableCell.h */ = {isa = PBXFileReference; fileEncoding = 4; lastKnownFileType = sourcecode.c.h; path = PWSidebarTabsTableCell.h; sourceTree = "<group>"; };
		83480E991B83532D00A33030 /* PWSidebarTabsTableCell.m */ = {isa = PBXFileReference; fileEncoding = 4; lastKnownFileType = sourcecode.c.objc; path = PWSidebarTabsTableCell.m; sourceTree = "<group>"; };
		83480E9B1B83589900A33030 /* PWSplitView.h */ = {isa = PBXFileReference; fileEncoding = 4; lastKnownFileType = sourcecode.c.h; path = PWSplitView.h; sourceTree = "<group>"; };
		83480E9C1B83589900A33030 /* PWSplitView.m */ = {isa = PBXFileReference; fileEncoding = 4; lastKnownFileType = sourcecode.c.objc; path = PWSplitView.m; sourceTree = "<group>"; };
		83480E9E1B83728000A33030 /* PWSidebarTabsTableController.h */ = {isa = PBXFileReference; fileEncoding = 4; lastKnownFileType = sourcecode.c.h; path = PWSidebarTabsTableController.h; sourceTree = "<group>"; };
		83480E9F1B83728000A33030 /* PWSidebarTabsTableController.m */ = {isa = PBXFileReference; fileEncoding = 4; lastKnownFileType = sourcecode.c.objc; path = PWSidebarTabsTableController.m; sourceTree = "<group>"; };
		83509BCD1B8629DF00C4F454 /* PWSearchResultsAttachPanel.h */ = {isa = PBXFileReference; fileEncoding = 4; lastKnownFileType = sourcecode.c.h; path = PWSearchResultsAttachPanel.h; sourceTree = "<group>"; };
		83509BCE1B8629DF00C4F454 /* PWSearchResultsAttachPanel.m */ = {isa = PBXFileReference; fileEncoding = 4; lastKnownFileType = sourcecode.c.objc; path = PWSearchResultsAttachPanel.m; sourceTree = "<group>"; };
		83509BD01B862A0400C4F454 /* PWSearchResultsAttachPanel.xib */ = {isa = PBXFileReference; fileEncoding = 4; lastKnownFileType = file.xib; path = PWSearchResultsAttachPanel.xib; sourceTree = "<group>"; };
		83509BD21B862A1400C4F454 /* PWSearchResultsAttachPanelController.h */ = {isa = PBXFileReference; fileEncoding = 4; lastKnownFileType = sourcecode.c.h; path = PWSearchResultsAttachPanelController.h; sourceTree = "<group>"; };
		83509BD31B862A1400C4F454 /* PWSearchResultsAttachPanelController.m */ = {isa = PBXFileReference; fileEncoding = 4; lastKnownFileType = sourcecode.c.objc; path = PWSearchResultsAttachPanelController.m; sourceTree = "<group>"; };
		83509BD51B86388E00C4F454 /* NSObject+PWSmartSearchBar.h */ = {isa = PBXFileReference; fileEncoding = 4; lastKnownFileType = sourcecode.c.h; path = "NSObject+PWSmartSearchBar.h"; sourceTree = "<group>"; };
		83509BD61B86388E00C4F454 /* NSObject+PWSmartSearchBar.m */ = {isa = PBXFileReference; fileEncoding = 4; lastKnownFileType = sourcecode.c.objc; path = "NSObject+PWSmartSearchBar.m"; sourceTree = "<group>"; };
		83509BD81B864A9100C4F454 /* PWSearchResultsTableView.h */ = {isa = PBXFileReference; fileEncoding = 4; lastKnownFileType = sourcecode.c.h; path = PWSearchResultsTableView.h; sourceTree = "<group>"; };
		83509BD91B864A9100C4F454 /* PWSearchResultsTableView.m */ = {isa = PBXFileReference; fileEncoding = 4; lastKnownFileType = sourcecode.c.objc; path = PWSearchResultsTableView.m; sourceTree = "<group>"; };
		83509BDB1B864B1300C4F454 /* PWSearchResultsTableCellView.h */ = {isa = PBXFileReference; fileEncoding = 4; lastKnownFileType = sourcecode.c.h; path = PWSearchResultsTableCellView.h; sourceTree = "<group>"; };
		83509BDC1B864B1300C4F454 /* PWSearchResultsTableCellView.m */ = {isa = PBXFileReference; fileEncoding = 4; lastKnownFileType = sourcecode.c.objc; path = PWSearchResultsTableCellView.m; sourceTree = "<group>"; };
		83509BDE1B870D0500C4F454 /* PWSmartSearchBarController.h */ = {isa = PBXFileReference; fileEncoding = 4; lastKnownFileType = sourcecode.c.h; path = PWSmartSearchBarController.h; sourceTree = "<group>"; };
		83509BDF1B870D0500C4F454 /* PWSmartSearchBarController.m */ = {isa = PBXFileReference; fileEncoding = 4; lastKnownFileType = sourcecode.c.objc; path = PWSmartSearchBarController.m; sourceTree = "<group>"; };
		83509BE11B8738E800C4F454 /* PWWikiContentViewController.h */ = {isa = PBXFileReference; fileEncoding = 4; lastKnownFileType = sourcecode.c.h; path = PWWikiContentViewController.h; sourceTree = "<group>"; };
		83509BE21B8738E800C4F454 /* PWWikiContentViewController.m */ = {isa = PBXFileReference; fileEncoding = 4; lastKnownFileType = sourcecode.c.objc; path = PWWikiContentViewController.m; sourceTree = "<group>"; };
		83509BE51B8739FD00C4F454 /* PWWikiContentView.xib */ = {isa = PBXFileReference; fileEncoding = 4; lastKnownFileType = file.xib; path = PWWikiContentView.xib; sourceTree = "<group>"; };
		83A2FBC51B830AB000939452 /* PWMainWindow.h */ = {isa = PBXFileReference; fileEncoding = 4; lastKnownFileType = sourcecode.c.h; path = PWMainWindow.h; sourceTree = "<group>"; };
		83A2FBC61B830AB000939452 /* PWMainWindow.m */ = {isa = PBXFileReference; fileEncoding = 4; lastKnownFileType = sourcecode.c.objc; path = PWMainWindow.m; sourceTree = "<group>"; };
		83A2FBC81B830ABB00939452 /* PWMainWindowController.h */ = {isa = PBXFileReference; fileEncoding = 4; lastKnownFileType = sourcecode.c.h; path = PWMainWindowController.h; sourceTree = "<group>"; };
		83A2FBC91B830ABB00939452 /* PWMainWindowController.m */ = {isa = PBXFileReference; fileEncoding = 4; lastKnownFileType = sourcecode.c.objc; path = PWMainWindowController.m; sourceTree = "<group>"; };
		83A2FBCB1B830AC700939452 /* PWMainWindow.xib */ = {isa = PBXFileReference; fileEncoding = 4; lastKnownFileType = file.xib; path = PWMainWindow.xib; sourceTree = "<group>"; };
		83A2FBD11B8324D000939452 /* PWNavButtonsPairView.h */ = {isa = PBXFileReference; fileEncoding = 4; lastKnownFileType = sourcecode.c.h; path = PWNavButtonsPairView.h; sourceTree = "<group>"; };
		83A2FBD21B8324D000939452 /* PWNavButtonsPairView.m */ = {isa = PBXFileReference; fileEncoding = 4; lastKnownFileType = sourcecode.c.objc; path = PWNavButtonsPairView.m; sourceTree = "<group>"; };
		83A2FBD41B8326BC00939452 /* PWToolbarController.h */ = {isa = PBXFileReference; fileEncoding = 4; lastKnownFileType = sourcecode.c.h; path = PWToolbarController.h; sourceTree = "<group>"; };
		83A2FBD51B8326BC00939452 /* PWToolbarController.m */ = {isa = PBXFileReference; fileEncoding = 4; lastKnownFileType = sourcecode.c.objc; path = PWToolbarController.m; sourceTree = "<group>"; };
		83A2FBDA1B83303900939452 /* PWMainContentView.h */ = {isa = PBXFileReference; fileEncoding = 4; lastKnownFileType = sourcecode.c.h; path = PWMainContentView.h; sourceTree = "<group>"; };
		83A2FBDB1B83303900939452 /* PWMainContentView.m */ = {isa = PBXFileReference; fileEncoding = 4; lastKnownFileType = sourcecode.c.objc; path = PWMainContentView.m; sourceTree = "<group>"; };
		83A2FBDD1B833B2A00939452 /* PWStackContainerView.h */ = {isa = PBXFileReference; fileEncoding = 4; lastKnownFileType = sourcecode.c.h; path = PWStackContainerView.h; sourceTree = "<group>"; };
		83A2FBDE1B833B2A00939452 /* PWStackContainerView.m */ = {isa = PBXFileReference; fileEncoding = 4; lastKnownFileType = sourcecode.c.objc; path = PWStackContainerView.m; sourceTree = "<group>"; };
		83A2FBE01B833B8E00939452 /* PWStackContainerViewController.h */ = {isa = PBXFileReference; fileEncoding = 4; lastKnownFileType = sourcecode.c.h; path = PWStackContainerViewController.h; sourceTree = "<group>"; };
		83A2FBE11B833B8E00939452 /* PWStackContainerViewController.m */ = {isa = PBXFileReference; fileEncoding = 4; lastKnownFileType = sourcecode.c.objc; path = PWStackContainerViewController.m; sourceTree = "<group>"; };
		83B75CAB1B7DDB0C00E9C05E /* WebKit.framework */ = {isa = PBXFileReference; lastKnownFileType = wrapper.framework; name = WebKit.framework; path = System/Library/Frameworks/WebKit.framework; sourceTree = SDKROOT; };
		83B7940F1B7DCE5F00F4544E /* PureWiki.app */ = {isa = PBXFileReference; explicitFileType = wrapper.application; includeInIndex = 0; path = PureWiki.app; sourceTree = BUILT_PRODUCTS_DIR; };
		83B794121B7DCE5F00F4544E /* PWAppDelegate.h */ = {isa = PBXFileReference; lastKnownFileType = sourcecode.c.h; path = PWAppDelegate.h; sourceTree = "<group>"; };
		83B794131B7DCE5F00F4544E /* PWAppDelegate.m */ = {isa = PBXFileReference; lastKnownFileType = sourcecode.c.objc; path = PWAppDelegate.m; sourceTree = "<group>"; };
		83B794161B7DCE5F00F4544E /* main.m */ = {isa = PBXFileReference; lastKnownFileType = sourcecode.c.objc; path = main.m; sourceTree = "<group>"; };
		83B794181B7DCE5F00F4544E /* Assets.xcassets */ = {isa = PBXFileReference; lastKnownFileType = folder.assetcatalog; path = Assets.xcassets; sourceTree = "<group>"; };
		83B7941B1B7DCE5F00F4544E /* Base */ = {isa = PBXFileReference; lastKnownFileType = file.xib; name = Base; path = Base.lproj/PWMainMenu.xib; sourceTree = "<group>"; };
		83B7941D1B7DCE5F00F4544E /* Info.plist */ = {isa = PBXFileReference; lastKnownFileType = text.plist.xml; path = Info.plist; sourceTree = "<group>"; };
		83B794221B7DCE5F00F4544E /* PureWikiTests.xctest */ = {isa = PBXFileReference; explicitFileType = wrapper.cfbundle; includeInIndex = 0; path = PureWikiTests.xctest; sourceTree = BUILT_PRODUCTS_DIR; };
		83B794261B7DCE5F00F4544E /* PureWikiTests.m */ = {isa = PBXFileReference; lastKnownFileType = sourcecode.c.objc; path = PureWikiTests.m; sourceTree = "<group>"; };
		83B794281B7DCE5F00F4544E /* Info.plist */ = {isa = PBXFileReference; lastKnownFileType = text.plist.xml; path = Info.plist; sourceTree = "<group>"; };
		83B7942D1B7DCE5F00F4544E /* PureWikiUITests.xctest */ = {isa = PBXFileReference; explicitFileType = wrapper.cfbundle; includeInIndex = 0; path = PureWikiUITests.xctest; sourceTree = BUILT_PRODUCTS_DIR; };
		83B794311B7DCE5F00F4544E /* PureWikiUITests.m */ = {isa = PBXFileReference; lastKnownFileType = sourcecode.c.objc; path = PureWikiUITests.m; sourceTree = "<group>"; };
		83B794331B7DCE5F00F4544E /* Info.plist */ = {isa = PBXFileReference; lastKnownFileType = text.plist.xml; path = Info.plist; sourceTree = "<group>"; };
		83B794631B7DD12100F4544E /* PureWiki.entitlements */ = {isa = PBXFileReference; lastKnownFileType = text.xml; path = PureWiki.entitlements; sourceTree = "<group>"; };
		83B7AEF81B878EAB002DE75A /* _WikiJSON.h */ = {isa = PBXFileReference; fileEncoding = 4; lastKnownFileType = sourcecode.c.h; path = _WikiJSON.h; sourceTree = "<group>"; };
		83B7AEF91B878EAB002DE75A /* _WikiJSON.m */ = {isa = PBXFileReference; fileEncoding = 4; lastKnownFileType = sourcecode.c.objc; path = _WikiJSON.m; sourceTree = "<group>"; };
		83B7AEFA1B878EAB002DE75A /* NSDate+Wikikit.h */ = {isa = PBXFileReference; fileEncoding = 4; lastKnownFileType = sourcecode.c.h; path = "NSDate+Wikikit.h"; sourceTree = "<group>"; };
		83B7AEFB1B878EAB002DE75A /* NSDate+Wikikit.m */ = {isa = PBXFileReference; fileEncoding = 4; lastKnownFileType = sourcecode.c.objc; path = "NSDate+Wikikit.m"; sourceTree = "<group>"; };
		83B7AF021B878EAB002DE75A /* AFHTTPRequestOperation.h */ = {isa = PBXFileReference; fileEncoding = 4; lastKnownFileType = sourcecode.c.h; path = AFHTTPRequestOperation.h; sourceTree = "<group>"; };
		83B7AF031B878EAB002DE75A /* AFHTTPRequestOperation.m */ = {isa = PBXFileReference; fileEncoding = 4; lastKnownFileType = sourcecode.c.objc; path = AFHTTPRequestOperation.m; sourceTree = "<group>"; };
		83B7AF041B878EAB002DE75A /* AFHTTPRequestOperationManager.h */ = {isa = PBXFileReference; fileEncoding = 4; lastKnownFileType = sourcecode.c.h; path = AFHTTPRequestOperationManager.h; sourceTree = "<group>"; };
		83B7AF051B878EAB002DE75A /* AFHTTPRequestOperationManager.m */ = {isa = PBXFileReference; fileEncoding = 4; lastKnownFileType = sourcecode.c.objc; path = AFHTTPRequestOperationManager.m; sourceTree = "<group>"; };
		83B7AF061B878EAB002DE75A /* AFHTTPSessionManager.h */ = {isa = PBXFileReference; fileEncoding = 4; lastKnownFileType = sourcecode.c.h; path = AFHTTPSessionManager.h; sourceTree = "<group>"; };
		83B7AF071B878EAB002DE75A /* AFHTTPSessionManager.m */ = {isa = PBXFileReference; fileEncoding = 4; lastKnownFileType = sourcecode.c.objc; path = AFHTTPSessionManager.m; sourceTree = "<group>"; };
		83B7AF081B878EAB002DE75A /* AFNetworking.h */ = {isa = PBXFileReference; fileEncoding = 4; lastKnownFileType = sourcecode.c.h; path = AFNetworking.h; sourceTree = "<group>"; };
		83B7AF091B878EAB002DE75A /* AFNetworkReachabilityManager.h */ = {isa = PBXFileReference; fileEncoding = 4; lastKnownFileType = sourcecode.c.h; path = AFNetworkReachabilityManager.h; sourceTree = "<group>"; };
		83B7AF0A1B878EAB002DE75A /* AFNetworkReachabilityManager.m */ = {isa = PBXFileReference; fileEncoding = 4; lastKnownFileType = sourcecode.c.objc; path = AFNetworkReachabilityManager.m; sourceTree = "<group>"; };
		83B7AF0B1B878EAB002DE75A /* AFSecurityPolicy.h */ = {isa = PBXFileReference; fileEncoding = 4; lastKnownFileType = sourcecode.c.h; path = AFSecurityPolicy.h; sourceTree = "<group>"; };
		83B7AF0C1B878EAB002DE75A /* AFSecurityPolicy.m */ = {isa = PBXFileReference; fileEncoding = 4; lastKnownFileType = sourcecode.c.objc; path = AFSecurityPolicy.m; sourceTree = "<group>"; };
		83B7AF0D1B878EAB002DE75A /* AFURLConnectionOperation.h */ = {isa = PBXFileReference; fileEncoding = 4; lastKnownFileType = sourcecode.c.h; path = AFURLConnectionOperation.h; sourceTree = "<group>"; };
		83B7AF0E1B878EAB002DE75A /* AFURLConnectionOperation.m */ = {isa = PBXFileReference; fileEncoding = 4; lastKnownFileType = sourcecode.c.objc; path = AFURLConnectionOperation.m; sourceTree = "<group>"; };
		83B7AF0F1B878EAB002DE75A /* AFURLRequestSerialization.h */ = {isa = PBXFileReference; fileEncoding = 4; lastKnownFileType = sourcecode.c.h; path = AFURLRequestSerialization.h; sourceTree = "<group>"; };
		83B7AF101B878EAB002DE75A /* AFURLRequestSerialization.m */ = {isa = PBXFileReference; fileEncoding = 4; lastKnownFileType = sourcecode.c.objc; path = AFURLRequestSerialization.m; sourceTree = "<group>"; };
		83B7AF111B878EAB002DE75A /* AFURLResponseSerialization.h */ = {isa = PBXFileReference; fileEncoding = 4; lastKnownFileType = sourcecode.c.h; path = AFURLResponseSerialization.h; sourceTree = "<group>"; };
		83B7AF121B878EAB002DE75A /* AFURLResponseSerialization.m */ = {isa = PBXFileReference; fileEncoding = 4; lastKnownFileType = sourcecode.c.objc; path = AFURLResponseSerialization.m; sourceTree = "<group>"; };
		83B7AF131B878EAB002DE75A /* AFURLSessionManager.h */ = {isa = PBXFileReference; fileEncoding = 4; lastKnownFileType = sourcecode.c.h; path = AFURLSessionManager.h; sourceTree = "<group>"; };
		83B7AF141B878EAB002DE75A /* AFURLSessionManager.m */ = {isa = PBXFileReference; fileEncoding = 4; lastKnownFileType = sourcecode.c.objc; path = AFURLSessionManager.m; sourceTree = "<group>"; };
		83B7AFA01B878EAC002DE75A /* WikiConstants.h */ = {isa = PBXFileReference; fileEncoding = 4; lastKnownFileType = sourcecode.c.h; path = WikiConstants.h; sourceTree = "<group>"; };
		83B7AFA11B878EAC002DE75A /* WikiConstants.m */ = {isa = PBXFileReference; fileEncoding = 4; lastKnownFileType = sourcecode.c.objc; path = WikiConstants.m; sourceTree = "<group>"; };
		83B7AFA21B878EAC002DE75A /* WikiContinuation.h */ = {isa = PBXFileReference; fileEncoding = 4; lastKnownFileType = sourcecode.c.h; path = WikiContinuation.h; sourceTree = "<group>"; };
		83B7AFA31B878EAC002DE75A /* WikiContinuation.m */ = {isa = PBXFileReference; fileEncoding = 4; lastKnownFileType = sourcecode.c.objc; path = WikiContinuation.m; sourceTree = "<group>"; };
		83B7AFA41B878EAC002DE75A /* WikiEngine.h */ = {isa = PBXFileReference; fileEncoding = 4; lastKnownFileType = sourcecode.c.h; path = WikiEngine.h; sourceTree = "<group>"; };
		83B7AFA51B878EAC002DE75A /* WikiEngine.m */ = {isa = PBXFileReference; fileEncoding = 4; lastKnownFileType = sourcecode.c.objc; path = WikiEngine.m; sourceTree = "<group>"; };
		83B7AFA61B878EAC002DE75A /* WikiHTTPSessionManager.h */ = {isa = PBXFileReference; fileEncoding = 4; lastKnownFileType = sourcecode.c.h; path = WikiHTTPSessionManager.h; sourceTree = "<group>"; };
		83B7AFA71B878EAC002DE75A /* WikiHTTPSessionManager.m */ = {isa = PBXFileReference; fileEncoding = 4; lastKnownFileType = sourcecode.c.objc; path = WikiHTTPSessionManager.m; sourceTree = "<group>"; };
		83B7AFA81B878EAC002DE75A /* WikiImage.h */ = {isa = PBXFileReference; fileEncoding = 4; lastKnownFileType = sourcecode.c.h; path = WikiImage.h; sourceTree = "<group>"; };
		83B7AFA91B878EAC002DE75A /* WikiImage.m */ = {isa = PBXFileReference; fileEncoding = 4; lastKnownFileType = sourcecode.c.objc; path = WikiImage.m; sourceTree = "<group>"; };
		83B7AFAA1B878EAC002DE75A /* WikiJSONObject.h */ = {isa = PBXFileReference; fileEncoding = 4; lastKnownFileType = sourcecode.c.h; path = WikiJSONObject.h; sourceTree = "<group>"; };
		83B7AFAB1B878EAC002DE75A /* WikiJSONObject.m */ = {isa = PBXFileReference; fileEncoding = 4; lastKnownFileType = sourcecode.c.objc; path = WikiJSONObject.m; sourceTree = "<group>"; };
		83B7AFAC1B878EAC002DE75A /* WikikitInfo.h */ = {isa = PBXFileReference; fileEncoding = 4; lastKnownFileType = sourcecode.c.h; path = WikikitInfo.h; sourceTree = "<group>"; };
		83B7AFAD1B878EAC002DE75A /* WikikitInfo.m */ = {isa = PBXFileReference; fileEncoding = 4; lastKnownFileType = sourcecode.c.objc; path = WikikitInfo.m; sourceTree = "<group>"; };
		83B7AFAE1B878EAC002DE75A /* WikiMacros.h */ = {isa = PBXFileReference; fileEncoding = 4; lastKnownFileType = sourcecode.c.h; path = WikiMacros.h; sourceTree = "<group>"; };
		83B7AFAF1B878EAC002DE75A /* WikiPage.h */ = {isa = PBXFileReference; fileEncoding = 4; lastKnownFileType = sourcecode.c.h; path = WikiPage.h; sourceTree = "<group>"; };
		83B7AFB01B878EAC002DE75A /* WikiPage.m */ = {isa = PBXFileReference; fileEncoding = 4; lastKnownFileType = sourcecode.c.objc; path = WikiPage.m; sourceTree = "<group>"; };
		83B7AFB11B878EAC002DE75A /* WikiRevision.h */ = {isa = PBXFileReference; fileEncoding = 4; lastKnownFileType = sourcecode.c.h; path = WikiRevision.h; sourceTree = "<group>"; };
		83B7AFB21B878EAC002DE75A /* WikiRevision.m */ = {isa = PBXFileReference; fileEncoding = 4; lastKnownFileType = sourcecode.c.objc; path = WikiRevision.m; sourceTree = "<group>"; };
		83B7AFB31B878EAC002DE75A /* WikiSessionDataTask.h */ = {isa = PBXFileReference; fileEncoding = 4; lastKnownFileType = sourcecode.c.h; path = WikiSessionDataTask.h; sourceTree = "<group>"; };
		83B7AFB41B878EAC002DE75A /* WikiSessionDataTask.m */ = {isa = PBXFileReference; fileEncoding = 4; lastKnownFileType = sourcecode.c.objc; path = WikiSessionDataTask.m; sourceTree = "<group>"; };
		83B7B0441B87A1F6002DE75A /* PWCastrateFactory.h */ = {isa = PBXFileReference; fileEncoding = 4; lastKnownFileType = sourcecode.c.h; path = PWCastrateFactory.h; sourceTree = "<group>"; };
		83B7B0451B87A1F6002DE75A /* PWCastrateFactory.m */ = {isa = PBXFileReference; fileEncoding = 4; lastKnownFileType = sourcecode.c.objc; path = PWCastrateFactory.m; sourceTree = "<group>"; };
		83B7B0471B87A510002DE75A /* purewikied-css.css */ = {isa = PBXFileReference; fileEncoding = 4; lastKnownFileType = text.css; path = "purewikied-css.css"; sourceTree = "<group>"; };
		83D46AB31B878B900061BE7E /* ALView+PureLayout.h */ = {isa = PBXFileReference; fileEncoding = 4; lastKnownFileType = sourcecode.c.h; path = "ALView+PureLayout.h"; sourceTree = "<group>"; };
		83D46AB41B878B900061BE7E /* ALView+PureLayout.m */ = {isa = PBXFileReference; fileEncoding = 4; lastKnownFileType = sourcecode.c.objc; path = "ALView+PureLayout.m"; sourceTree = "<group>"; };
		83D46AB51B878B900061BE7E /* NSArray+PureLayout.h */ = {isa = PBXFileReference; fileEncoding = 4; lastKnownFileType = sourcecode.c.h; path = "NSArray+PureLayout.h"; sourceTree = "<group>"; };
		83D46AB61B878B900061BE7E /* NSArray+PureLayout.m */ = {isa = PBXFileReference; fileEncoding = 4; lastKnownFileType = sourcecode.c.objc; path = "NSArray+PureLayout.m"; sourceTree = "<group>"; };
		83D46AB71B878B900061BE7E /* NSLayoutConstraint+PureLayout.h */ = {isa = PBXFileReference; fileEncoding = 4; lastKnownFileType = sourcecode.c.h; path = "NSLayoutConstraint+PureLayout.h"; sourceTree = "<group>"; };
		83D46AB81B878B900061BE7E /* NSLayoutConstraint+PureLayout.m */ = {isa = PBXFileReference; fileEncoding = 4; lastKnownFileType = sourcecode.c.objc; path = "NSLayoutConstraint+PureLayout.m"; sourceTree = "<group>"; };
		83D46AB91B878B900061BE7E /* PureLayout+Internal.h */ = {isa = PBXFileReference; fileEncoding = 4; lastKnownFileType = sourcecode.c.h; path = "PureLayout+Internal.h"; sourceTree = "<group>"; };
		83D46ABA1B878B900061BE7E /* PureLayout.h */ = {isa = PBXFileReference; fileEncoding = 4; lastKnownFileType = sourcecode.c.h; path = PureLayout.h; sourceTree = "<group>"; };
		83D46ABB1B878B900061BE7E /* PureLayoutDefines.h */ = {isa = PBXFileReference; fileEncoding = 4; lastKnownFileType = sourcecode.c.h; path = PureLayoutDefines.h; sourceTree = "<group>"; };
		83D591121B89EC910018BC1C /* FBKVOController.h */ = {isa = PBXFileReference; fileEncoding = 4; lastKnownFileType = sourcecode.c.h; path = FBKVOController.h; sourceTree = "<group>"; };
		83D591131B89EC910018BC1C /* FBKVOController.m */ = {isa = PBXFileReference; fileEncoding = 4; lastKnownFileType = sourcecode.c.objc; path = FBKVOController.m; sourceTree = "<group>"; };
		83D591141B89EC910018BC1C /* NSObject+FBKVOController.h */ = {isa = PBXFileReference; fileEncoding = 4; lastKnownFileType = sourcecode.c.h; path = "NSObject+FBKVOController.h"; sourceTree = "<group>"; };
		83D591151B89EC910018BC1C /* NSObject+FBKVOController.m */ = {isa = PBXFileReference; fileEncoding = 4; lastKnownFileType = sourcecode.c.objc; path = "NSObject+FBKVOController.m"; sourceTree = "<group>"; };
/* End PBXFileReference section */

/* Begin PBXFrameworksBuildPhase section */
		83B7940C1B7DCE5F00F4544E /* Frameworks */ = {
			isa = PBXFrameworksBuildPhase;
			buildActionMask = 2147483647;
			files = (
				83B75CAC1B7DDB0C00E9C05E /* WebKit.framework in Frameworks */,
			);
			runOnlyForDeploymentPostprocessing = 0;
		};
		83B7941F1B7DCE5F00F4544E /* Frameworks */ = {
			isa = PBXFrameworksBuildPhase;
			buildActionMask = 2147483647;
			files = (
			);
			runOnlyForDeploymentPostprocessing = 0;
		};
		83B7942A1B7DCE5F00F4544E /* Frameworks */ = {
			isa = PBXFrameworksBuildPhase;
			buildActionMask = 2147483647;
			files = (
			);
			runOnlyForDeploymentPostprocessing = 0;
		};
/* End PBXFrameworksBuildPhase section */

/* Begin PBXGroup section */
		8321EC861B8C1CE60099C824 /* artwork */ = {
			isa = PBXGroup;
			children = (
				8321EC8D1B8C30490099C824 /* wikipage-image-normal.png */,
				8321EC8E1B8C30490099C824 /* wikipage-image-normal@2x.png */,
				8321EC8B1B8C30490099C824 /* wikipage-image-highlighted.png */,
				8321EC8C1B8C30490099C824 /* wikipage-image-highlighted@2x.png */,
			);
			name = artwork;
			path = PureWiki/artwork;
			sourceTree = "<group>";
		};
		8322BF8C1B83AE7700A890C9 /* search-wikipedia */ = {
			isa = PBXGroup;
			children = (
				8322BF8D1B83AE9100A890C9 /* xib */,
				83509BD51B86388E00C4F454 /* NSObject+PWSmartSearchBar.h */,
				83509BD61B86388E00C4F454 /* NSObject+PWSmartSearchBar.m */,
				8322BF941B83C6F400A890C9 /* PWSmartSearchBar.h */,
				8322BF951B83C6F400A890C9 /* PWSmartSearchBar.m */,
				83509BDE1B870D0500C4F454 /* PWSmartSearchBarController.h */,
				83509BDF1B870D0500C4F454 /* PWSmartSearchBarController.m */,
				83509BCD1B8629DF00C4F454 /* PWSearchResultsAttachPanel.h */,
				83509BCE1B8629DF00C4F454 /* PWSearchResultsAttachPanel.m */,
				83509BD21B862A1400C4F454 /* PWSearchResultsAttachPanelController.h */,
				83509BD31B862A1400C4F454 /* PWSearchResultsAttachPanelController.m */,
				8321EC7D1B8A2C7D0099C824 /* PWSearchResultsAttachPanelBlurBgView.h */,
				8321EC7E1B8A2C7D0099C824 /* PWSearchResultsAttachPanelBlurBgView.m */,
				83509BD81B864A9100C4F454 /* PWSearchResultsTableView.h */,
				83509BD91B864A9100C4F454 /* PWSearchResultsTableView.m */,
				83509BDB1B864B1300C4F454 /* PWSearchResultsTableCellView.h */,
				83509BDC1B864B1300C4F454 /* PWSearchResultsTableCellView.m */,
			);
			name = "search-wikipedia";
			sourceTree = "<group>";
		};
		8322BF8D1B83AE9100A890C9 /* xib */ = {
			isa = PBXGroup;
			children = (
				83509BD01B862A0400C4F454 /* PWSearchResultsAttachPanel.xib */,
			);
			name = xib;
			sourceTree = "<group>";
		};
		83480E901B83515000A33030 /* sidebar */ = {
			isa = PBXGroup;
			children = (
				83480E9E1B83728000A33030 /* PWSidebarTabsTableController.h */,
				83480E9F1B83728000A33030 /* PWSidebarTabsTableController.m */,
				83480E951B83530C00A33030 /* PWSidebarTabsTable.h */,
				83480E961B83530C00A33030 /* PWSidebarTabsTable.m */,
				83480E981B83532D00A33030 /* PWSidebarTabsTableCell.h */,
				83480E991B83532D00A33030 /* PWSidebarTabsTableCell.m */,
				8321EC801B8C0C940099C824 /* PWPWikiPageImageWell.h */,
				8321EC811B8C0C940099C824 /* PWPWikiPageImageWell.m */,
				8321EC821B8C0C940099C824 /* PWWikiPageImageCell.h */,
				8321EC831B8C0C940099C824 /* PWWikiPageImageCell.m */,
			);
			name = sidebar;
			sourceTree = "<group>";
		};
		83480E911B83515800A33030 /* wiki-content */ = {
			isa = PBXGroup;
			children = (
				83509BE41B8739F500C4F454 /* xib */,
				83A2FBDD1B833B2A00939452 /* PWStackContainerView.h */,
				83A2FBDE1B833B2A00939452 /* PWStackContainerView.m */,
				83A2FBE01B833B8E00939452 /* PWStackContainerViewController.h */,
				83A2FBE11B833B8E00939452 /* PWStackContainerViewController.m */,
				83480E921B8351BF00A33030 /* PWWikiContentView.h */,
				83480E931B8351BF00A33030 /* PWWikiContentView.m */,
				83509BE11B8738E800C4F454 /* PWWikiContentViewController.h */,
				83509BE21B8738E800C4F454 /* PWWikiContentViewController.m */,
				83B7B0441B87A1F6002DE75A /* PWCastrateFactory.h */,
				83B7B0451B87A1F6002DE75A /* PWCastrateFactory.m */,
			);
			name = "wiki-content";
			sourceTree = "<group>";
		};
		83509BE41B8739F500C4F454 /* xib */ = {
			isa = PBXGroup;
			children = (
				83509BE51B8739FD00C4F454 /* PWWikiContentView.xib */,
			);
			name = xib;
			sourceTree = "<group>";
		};
		83A2FBCD1B830ACD00939452 /* main-window */ = {
			isa = PBXGroup;
			children = (
				83A2FBCE1B830AD500939452 /* xib */,
				83A2FBC81B830ABB00939452 /* PWMainWindowController.h */,
				83A2FBC91B830ABB00939452 /* PWMainWindowController.m */,
				83A2FBC51B830AB000939452 /* PWMainWindow.h */,
				83A2FBC61B830AB000939452 /* PWMainWindow.m */,
				83A2FBDA1B83303900939452 /* PWMainContentView.h */,
				83A2FBDB1B83303900939452 /* PWMainContentView.m */,
				83480E9B1B83589900A33030 /* PWSplitView.h */,
				83480E9C1B83589900A33030 /* PWSplitView.m */,
			);
			name = "main-window";
			sourceTree = "<group>";
		};
		83A2FBCE1B830AD500939452 /* xib */ = {
			isa = PBXGroup;
			children = (
				83A2FBCB1B830AC700939452 /* PWMainWindow.xib */,
			);
			name = xib;
			sourceTree = "<group>";
		};
		83A2FBCF1B830AF600939452 /* main-menu */ = {
			isa = PBXGroup;
			children = (
				83A2FBD01B830AFD00939452 /* xib */,
			);
			name = "main-menu";
			sourceTree = "<group>";
		};
		83A2FBD01B830AFD00939452 /* xib */ = {
			isa = PBXGroup;
			children = (
				83B7941A1B7DCE5F00F4544E /* PWMainMenu.xib */,
			);
			name = xib;
			sourceTree = "<group>";
		};
		83A2FBE31B833BBE00939452 /* toolbar */ = {
			isa = PBXGroup;
			children = (
				83A2FBD41B8326BC00939452 /* PWToolbarController.h */,
				83A2FBD51B8326BC00939452 /* PWToolbarController.m */,
				83A2FBD11B8324D000939452 /* PWNavButtonsPairView.h */,
				83A2FBD21B8324D000939452 /* PWNavButtonsPairView.m */,
			);
			name = toolbar;
			sourceTree = "<group>";
		};
		83B75CAD1B7DDB2C00E9C05E /* vendor */ = {
			isa = PBXGroup;
			children = (
				83B75CAB1B7DDB0C00E9C05E /* WebKit.framework */,
				83D591101B89EC910018BC1C /* FBKVOController */,
				83B7AEF51B878EAB002DE75A /* Wikikit */,
				83D46AB21B878B900061BE7E /* PureLayout */,
			);
			name = vendor;
			path = PureWiki/vendor;
			sourceTree = "<group>";
		};
		83B794061B7DCE5F00F4544E = {
			isa = PBXGroup;
			children = (
				83B794111B7DCE5F00F4544E /* PureWiki */,
				8321EC861B8C1CE60099C824 /* artwork */,
				83B75CAD1B7DDB2C00E9C05E /* vendor */,
				83B794251B7DCE5F00F4544E /* PureWikiTests */,
				83B794301B7DCE5F00F4544E /* PureWikiUITests */,
				83B794101B7DCE5F00F4544E /* Products */,
			);
			sourceTree = "<group>";
		};
		83B794101B7DCE5F00F4544E /* Products */ = {
			isa = PBXGroup;
			children = (
				83B7940F1B7DCE5F00F4544E /* PureWiki.app */,
				83B794221B7DCE5F00F4544E /* PureWikiTests.xctest */,
				83B7942D1B7DCE5F00F4544E /* PureWikiUITests.xctest */,
			);
			name = Products;
			sourceTree = "<group>";
		};
		83B794111B7DCE5F00F4544E /* PureWiki */ = {
			isa = PBXGroup;
			children = (
				83B794121B7DCE5F00F4544E /* PWAppDelegate.h */,
				83B794131B7DCE5F00F4544E /* PWAppDelegate.m */,
				8322BF801B83812500A890C9 /* PWActionNotifications.h */,
				8322BF811B83812500A890C9 /* PWActionNotifications.m */,
				8321EC931B8C40C40099C824 /* PWArtworkConstants.h */,
				8321EC941B8C40C40099C824 /* PWArtworkConstants.m */,
				8330E5CE1B890BD400373760 /* PWUtilities.h */,
				8330E5CF1B890BD400373760 /* PWUtilities.m */,
				8330E5CB1B88FFA800373760 /* NSURL+PureWiki.h */,
				8330E5CC1B88FFA800373760 /* NSURL+PureWiki.m */,
				83A2FBCF1B830AF600939452 /* main-menu */,
				83A2FBCD1B830ACD00939452 /* main-window */,
				83A2FBE31B833BBE00939452 /* toolbar */,
				8322BF8C1B83AE7700A890C9 /* search-wikipedia */,
				83480E911B83515800A33030 /* wiki-content */,
				83480E901B83515000A33030 /* sidebar */,
				83B794151B7DCE5F00F4544E /* Supporting Files */,
			);
			path = PureWiki;
			sourceTree = "<group>";
		};
		83B794151B7DCE5F00F4544E /* Supporting Files */ = {
			isa = PBXGroup;
			children = (
				83B794631B7DD12100F4544E /* PureWiki.entitlements */,
				83B7941D1B7DCE5F00F4544E /* Info.plist */,
				83B794181B7DCE5F00F4544E /* Assets.xcassets */,
				83B794161B7DCE5F00F4544E /* main.m */,
				83B7B0471B87A510002DE75A /* purewikied-css.css */,
			);
			name = "Supporting Files";
			sourceTree = "<group>";
		};
		83B794251B7DCE5F00F4544E /* PureWikiTests */ = {
			isa = PBXGroup;
			children = (
				83B794261B7DCE5F00F4544E /* PureWikiTests.m */,
				83B794281B7DCE5F00F4544E /* Info.plist */,
			);
			path = PureWikiTests;
			sourceTree = "<group>";
		};
		83B794301B7DCE5F00F4544E /* PureWikiUITests */ = {
			isa = PBXGroup;
			children = (
				83B794311B7DCE5F00F4544E /* PureWikiUITests.m */,
				83B794331B7DCE5F00F4544E /* Info.plist */,
			);
			path = PureWikiUITests;
			sourceTree = "<group>";
		};
		83B7AEF51B878EAB002DE75A /* Wikikit */ = {
			isa = PBXGroup;
			children = (
				83B7AEFC1B878EAB002DE75A /* vendor */,
				83B7AEF71B878EAB002DE75A /* internal */,
				83B7AEFA1B878EAB002DE75A /* NSDate+Wikikit.h */,
				83B7AEFB1B878EAB002DE75A /* NSDate+Wikikit.m */,
				83B7AFA01B878EAC002DE75A /* WikiConstants.h */,
				83B7AFA11B878EAC002DE75A /* WikiConstants.m */,
				83B7AFA21B878EAC002DE75A /* WikiContinuation.h */,
				83B7AFA31B878EAC002DE75A /* WikiContinuation.m */,
				83B7AFA41B878EAC002DE75A /* WikiEngine.h */,
				83B7AFA51B878EAC002DE75A /* WikiEngine.m */,
				83B7AFA61B878EAC002DE75A /* WikiHTTPSessionManager.h */,
				83B7AFA71B878EAC002DE75A /* WikiHTTPSessionManager.m */,
				83B7AFA81B878EAC002DE75A /* WikiImage.h */,
				83B7AFA91B878EAC002DE75A /* WikiImage.m */,
				83B7AFAA1B878EAC002DE75A /* WikiJSONObject.h */,
				83B7AFAB1B878EAC002DE75A /* WikiJSONObject.m */,
				83B7AFAC1B878EAC002DE75A /* WikikitInfo.h */,
				83B7AFAD1B878EAC002DE75A /* WikikitInfo.m */,
				83B7AFAE1B878EAC002DE75A /* WikiMacros.h */,
				83B7AFAF1B878EAC002DE75A /* WikiPage.h */,
				83B7AFB01B878EAC002DE75A /* WikiPage.m */,
				83B7AFB11B878EAC002DE75A /* WikiRevision.h */,
				83B7AFB21B878EAC002DE75A /* WikiRevision.m */,
				83B7AFB31B878EAC002DE75A /* WikiSessionDataTask.h */,
				83B7AFB41B878EAC002DE75A /* WikiSessionDataTask.m */,
			);
			name = Wikikit;
			path = Wikikit/Wikikit;
			sourceTree = "<group>";
		};
		83B7AEF71B878EAB002DE75A /* internal */ = {
			isa = PBXGroup;
			children = (
				83B7AEF81B878EAB002DE75A /* _WikiJSON.h */,
				83B7AEF91B878EAB002DE75A /* _WikiJSON.m */,
			);
			path = internal;
			sourceTree = "<group>";
		};
		83B7AEFC1B878EAB002DE75A /* vendor */ = {
			isa = PBXGroup;
			children = (
				83B7AF011B878EAB002DE75A /* AFNetworking */,
			);
			path = vendor;
			sourceTree = "<group>";
		};
		83B7AF011B878EAB002DE75A /* AFNetworking */ = {
			isa = PBXGroup;
			children = (
				83B7AF021B878EAB002DE75A /* AFHTTPRequestOperation.h */,
				83B7AF031B878EAB002DE75A /* AFHTTPRequestOperation.m */,
				83B7AF041B878EAB002DE75A /* AFHTTPRequestOperationManager.h */,
				83B7AF051B878EAB002DE75A /* AFHTTPRequestOperationManager.m */,
				83B7AF061B878EAB002DE75A /* AFHTTPSessionManager.h */,
				83B7AF071B878EAB002DE75A /* AFHTTPSessionManager.m */,
				83B7AF081B878EAB002DE75A /* AFNetworking.h */,
				83B7AF091B878EAB002DE75A /* AFNetworkReachabilityManager.h */,
				83B7AF0A1B878EAB002DE75A /* AFNetworkReachabilityManager.m */,
				83B7AF0B1B878EAB002DE75A /* AFSecurityPolicy.h */,
				83B7AF0C1B878EAB002DE75A /* AFSecurityPolicy.m */,
				83B7AF0D1B878EAB002DE75A /* AFURLConnectionOperation.h */,
				83B7AF0E1B878EAB002DE75A /* AFURLConnectionOperation.m */,
				83B7AF0F1B878EAB002DE75A /* AFURLRequestSerialization.h */,
				83B7AF101B878EAB002DE75A /* AFURLRequestSerialization.m */,
				83B7AF111B878EAB002DE75A /* AFURLResponseSerialization.h */,
				83B7AF121B878EAB002DE75A /* AFURLResponseSerialization.m */,
				83B7AF131B878EAB002DE75A /* AFURLSessionManager.h */,
				83B7AF141B878EAB002DE75A /* AFURLSessionManager.m */,
			);
			name = AFNetworking;
			path = AFNetworking/AFNetworking;
			sourceTree = "<group>";
		};
		83D46AB21B878B900061BE7E /* PureLayout */ = {
			isa = PBXGroup;
			children = (
				83D46AB31B878B900061BE7E /* ALView+PureLayout.h */,
				83D46AB41B878B900061BE7E /* ALView+PureLayout.m */,
				83D46AB51B878B900061BE7E /* NSArray+PureLayout.h */,
				83D46AB61B878B900061BE7E /* NSArray+PureLayout.m */,
				83D46AB71B878B900061BE7E /* NSLayoutConstraint+PureLayout.h */,
				83D46AB81B878B900061BE7E /* NSLayoutConstraint+PureLayout.m */,
				83D46AB91B878B900061BE7E /* PureLayout+Internal.h */,
				83D46ABA1B878B900061BE7E /* PureLayout.h */,
				83D46ABB1B878B900061BE7E /* PureLayoutDefines.h */,
			);
			name = PureLayout;
			path = PureLayout/PureLayout/PureLayout;
			sourceTree = "<group>";
		};
		83D591101B89EC910018BC1C /* FBKVOController */ = {
			isa = PBXGroup;
			children = (
				83D591121B89EC910018BC1C /* FBKVOController.h */,
				83D591131B89EC910018BC1C /* FBKVOController.m */,
				83D591141B89EC910018BC1C /* NSObject+FBKVOController.h */,
				83D591151B89EC910018BC1C /* NSObject+FBKVOController.m */,
			);
			name = FBKVOController;
			path = KVOController/FBKVOController;
			sourceTree = "<group>";
		};
/* End PBXGroup section */

/* Begin PBXNativeTarget section */
		83B7940E1B7DCE5F00F4544E /* PureWiki */ = {
			isa = PBXNativeTarget;
			buildConfigurationList = 83B794361B7DCE5F00F4544E /* Build configuration list for PBXNativeTarget "PureWiki" */;
			buildPhases = (
				83B7940B1B7DCE5F00F4544E /* Sources */,
				83B7940C1B7DCE5F00F4544E /* Frameworks */,
				83B7940D1B7DCE5F00F4544E /* Resources */,
			);
			buildRules = (
			);
			dependencies = (
			);
			name = PureWiki;
			productName = PureWiki;
			productReference = 83B7940F1B7DCE5F00F4544E /* PureWiki.app */;
			productType = "com.apple.product-type.application";
		};
		83B794211B7DCE5F00F4544E /* PureWikiTests */ = {
			isa = PBXNativeTarget;
			buildConfigurationList = 83B794391B7DCE5F00F4544E /* Build configuration list for PBXNativeTarget "PureWikiTests" */;
			buildPhases = (
				83B7941E1B7DCE5F00F4544E /* Sources */,
				83B7941F1B7DCE5F00F4544E /* Frameworks */,
				83B794201B7DCE5F00F4544E /* Resources */,
			);
			buildRules = (
			);
			dependencies = (
				83B794241B7DCE5F00F4544E /* PBXTargetDependency */,
			);
			name = PureWikiTests;
			productName = PureWikiTests;
			productReference = 83B794221B7DCE5F00F4544E /* PureWikiTests.xctest */;
			productType = "com.apple.product-type.bundle.unit-test";
		};
		83B7942C1B7DCE5F00F4544E /* PureWikiUITests */ = {
			isa = PBXNativeTarget;
			buildConfigurationList = 83B7943C1B7DCE5F00F4544E /* Build configuration list for PBXNativeTarget "PureWikiUITests" */;
			buildPhases = (
				83B794291B7DCE5F00F4544E /* Sources */,
				83B7942A1B7DCE5F00F4544E /* Frameworks */,
				83B7942B1B7DCE5F00F4544E /* Resources */,
			);
			buildRules = (
			);
			dependencies = (
				83B7942F1B7DCE5F00F4544E /* PBXTargetDependency */,
			);
			name = PureWikiUITests;
			productName = PureWikiUITests;
			productReference = 83B7942D1B7DCE5F00F4544E /* PureWikiUITests.xctest */;
			productType = "com.apple.product-type.bundle.ui-testing";
		};
/* End PBXNativeTarget section */

/* Begin PBXProject section */
		83B794071B7DCE5F00F4544E /* Project object */ = {
			isa = PBXProject;
			attributes = {
				LastUpgradeCheck = 0700;
				ORGANIZATIONNAME = TongKuo;
				TargetAttributes = {
					83B7940E1B7DCE5F00F4544E = {
						CreatedOnToolsVersion = 7.0;
						DevelopmentTeam = 89BSC2UYH8;
						SystemCapabilities = {
							com.apple.Sandbox = {
								enabled = 1;
							};
						};
					};
					83B794211B7DCE5F00F4544E = {
						CreatedOnToolsVersion = 7.0;
						TestTargetID = 83B7940E1B7DCE5F00F4544E;
					};
					83B7942C1B7DCE5F00F4544E = {
						CreatedOnToolsVersion = 7.0;
						TestTargetID = 83B7940E1B7DCE5F00F4544E;
					};
				};
			};
			buildConfigurationList = 83B7940A1B7DCE5F00F4544E /* Build configuration list for PBXProject "PureWiki" */;
			compatibilityVersion = "Xcode 3.2";
			developmentRegion = English;
			hasScannedForEncodings = 0;
			knownRegions = (
				en,
				Base,
			);
			mainGroup = 83B794061B7DCE5F00F4544E;
			productRefGroup = 83B794101B7DCE5F00F4544E /* Products */;
			projectDirPath = "";
			projectRoot = "";
			targets = (
				83B7940E1B7DCE5F00F4544E /* PureWiki */,
				83B794211B7DCE5F00F4544E /* PureWikiTests */,
				83B7942C1B7DCE5F00F4544E /* PureWikiUITests */,
			);
		};
/* End PBXProject section */

/* Begin PBXResourcesBuildPhase section */
		83B7940D1B7DCE5F00F4544E /* Resources */ = {
			isa = PBXResourcesBuildPhase;
			buildActionMask = 2147483647;
			files = (
				8321EC921B8C30490099C824 /* wikipage-image-normal@2x.png in Resources */,
				83B794191B7DCE5F00F4544E /* Assets.xcassets in Resources */,
				83B7B0481B87A510002DE75A /* purewikied-css.css in Resources */,
				83509BD11B862A0400C4F454 /* PWSearchResultsAttachPanel.xib in Resources */,
				8321EC8F1B8C30490099C824 /* wikipage-image-highlighted.png in Resources */,
				83A2FBCC1B830AC700939452 /* PWMainWindow.xib in Resources */,
				8321EC911B8C30490099C824 /* wikipage-image-normal.png in Resources */,
				83509BE61B8739FD00C4F454 /* PWWikiContentView.xib in Resources */,
				83B7941C1B7DCE5F00F4544E /* PWMainMenu.xib in Resources */,
				8321EC901B8C30490099C824 /* wikipage-image-highlighted@2x.png in Resources */,
			);
			runOnlyForDeploymentPostprocessing = 0;
		};
		83B794201B7DCE5F00F4544E /* Resources */ = {
			isa = PBXResourcesBuildPhase;
			buildActionMask = 2147483647;
			files = (
			);
			runOnlyForDeploymentPostprocessing = 0;
		};
		83B7942B1B7DCE5F00F4544E /* Resources */ = {
			isa = PBXResourcesBuildPhase;
			buildActionMask = 2147483647;
			files = (
			);
			runOnlyForDeploymentPostprocessing = 0;
		};
/* End PBXResourcesBuildPhase section */

/* Begin PBXSourcesBuildPhase section */
		83B7940B1B7DCE5F00F4544E /* Sources */ = {
			isa = PBXSourcesBuildPhase;
			buildActionMask = 2147483647;
			files = (
				83A2FBE21B833B8E00939452 /* PWStackContainerViewController.m in Sources */,
				83480E971B83530C00A33030 /* PWSidebarTabsTable.m in Sources */,
				83509BDD1B864B1300C4F454 /* PWSearchResultsTableCellView.m in Sources */,
				83509BE01B870D0500C4F454 /* PWSmartSearchBarController.m in Sources */,
				83B7B0281B878EAC002DE75A /* WikiPage.m in Sources */,
				8321EC951B8C40C40099C824 /* PWArtworkConstants.m in Sources */,
				83B7B0271B878EAC002DE75A /* WikikitInfo.m in Sources */,
				83B7AFCA1B878EAC002DE75A /* AFURLConnectionOperation.m in Sources */,
				83D46ABC1B878B900061BE7E /* ALView+PureLayout.m in Sources */,
				83480EA01B83728000A33030 /* PWSidebarTabsTableController.m in Sources */,
				83A2FBCA1B830ABB00939452 /* PWMainWindowController.m in Sources */,
				83A2FBDF1B833B2A00939452 /* PWStackContainerView.m in Sources */,
				83D46ABD1B878B900061BE7E /* NSArray+PureLayout.m in Sources */,
				83509BD71B86388E00C4F454 /* NSObject+PWSmartSearchBar.m in Sources */,
				8330E5D01B890BD400373760 /* PWUtilities.m in Sources */,
				83B7B0231B878EAC002DE75A /* WikiEngine.m in Sources */,
				83B7B0291B878EAC002DE75A /* WikiRevision.m in Sources */,
				83B7AFCB1B878EAC002DE75A /* AFURLRequestSerialization.m in Sources */,
				83B7B0211B878EAC002DE75A /* WikiConstants.m in Sources */,
				83B7B0221B878EAC002DE75A /* WikiContinuation.m in Sources */,
				83A2FBD31B8324D000939452 /* PWNavButtonsPairView.m in Sources */,
				83D591171B89EC910018BC1C /* NSObject+FBKVOController.m in Sources */,
				83480E941B8351BF00A33030 /* PWWikiContentView.m in Sources */,
				8330E5CD1B88FFA800373760 /* NSURL+PureWiki.m in Sources */,
				83B7AFC11B878EAC002DE75A /* NSDate+Wikikit.m in Sources */,
				8321EC7F1B8A2C7D0099C824 /* PWSearchResultsAttachPanelBlurBgView.m in Sources */,
				83A2FBC71B830AB000939452 /* PWMainWindow.m in Sources */,
				83B7B0241B878EAC002DE75A /* WikiHTTPSessionManager.m in Sources */,
				83B7B0261B878EAC002DE75A /* WikiJSONObject.m in Sources */,
				83509BCF1B8629DF00C4F454 /* PWSearchResultsAttachPanel.m in Sources */,
				83509BD41B862A1400C4F454 /* PWSearchResultsAttachPanelController.m in Sources */,
				83B794171B7DCE5F00F4544E /* main.m in Sources */,
				83A2FBD61B8326BC00939452 /* PWToolbarController.m in Sources */,
				83A2FBDC1B83303900939452 /* PWMainContentView.m in Sources */,
				83B7AFC91B878EAC002DE75A /* AFSecurityPolicy.m in Sources */,
				83B7AFCD1B878EAC002DE75A /* AFURLSessionManager.m in Sources */,
				83D46ABE1B878B900061BE7E /* NSLayoutConstraint+PureLayout.m in Sources */,
				83B7AFC61B878EAC002DE75A /* AFHTTPRequestOperationManager.m in Sources */,
				83B7B0461B87A1F6002DE75A /* PWCastrateFactory.m in Sources */,
				83B7B0251B878EAC002DE75A /* WikiImage.m in Sources */,
				83B7AFC01B878EAC002DE75A /* _WikiJSON.m in Sources */,
				8322BF821B83812500A890C9 /* PWActionNotifications.m in Sources */,
				8321EC851B8C0C940099C824 /* PWWikiPageImageCell.m in Sources */,
				83B7AFCC1B878EAC002DE75A /* AFURLResponseSerialization.m in Sources */,
				83509BE31B8738E800C4F454 /* PWWikiContentViewController.m in Sources */,
				8321EC841B8C0C940099C824 /* PWPWikiPageImageWell.m in Sources */,
				8322BF961B83C6F400A890C9 /* PWSmartSearchBar.m in Sources */,
				83B7AFC71B878EAC002DE75A /* AFHTTPSessionManager.m in Sources */,
				83B7B02A1B878EAC002DE75A /* WikiSessionDataTask.m in Sources */,
				83B7AFC81B878EAC002DE75A /* AFNetworkReachabilityManager.m in Sources */,
				83480E9A1B83532D00A33030 /* PWSidebarTabsTableCell.m in Sources */,
				83D591161B89EC910018BC1C /* FBKVOController.m in Sources */,
				83B7AFC51B878EAC002DE75A /* AFHTTPRequestOperation.m in Sources */,
				83B794141B7DCE5F00F4544E /* PWAppDelegate.m in Sources */,
				83480E9D1B83589900A33030 /* PWSplitView.m in Sources */,
				83509BDA1B864A9100C4F454 /* PWSearchResultsTableView.m in Sources */,
			);
			runOnlyForDeploymentPostprocessing = 0;
		};
		83B7941E1B7DCE5F00F4544E /* Sources */ = {
			isa = PBXSourcesBuildPhase;
			buildActionMask = 2147483647;
			files = (
				83B794271B7DCE5F00F4544E /* PureWikiTests.m in Sources */,
			);
			runOnlyForDeploymentPostprocessing = 0;
		};
		83B794291B7DCE5F00F4544E /* Sources */ = {
			isa = PBXSourcesBuildPhase;
			buildActionMask = 2147483647;
			files = (
				83B794321B7DCE5F00F4544E /* PureWikiUITests.m in Sources */,
			);
			runOnlyForDeploymentPostprocessing = 0;
		};
/* End PBXSourcesBuildPhase section */

/* Begin PBXTargetDependency section */
		83B794241B7DCE5F00F4544E /* PBXTargetDependency */ = {
			isa = PBXTargetDependency;
			target = 83B7940E1B7DCE5F00F4544E /* PureWiki */;
			targetProxy = 83B794231B7DCE5F00F4544E /* PBXContainerItemProxy */;
		};
		83B7942F1B7DCE5F00F4544E /* PBXTargetDependency */ = {
			isa = PBXTargetDependency;
			target = 83B7940E1B7DCE5F00F4544E /* PureWiki */;
			targetProxy = 83B7942E1B7DCE5F00F4544E /* PBXContainerItemProxy */;
		};
/* End PBXTargetDependency section */

/* Begin PBXVariantGroup section */
		83B7941A1B7DCE5F00F4544E /* PWMainMenu.xib */ = {
			isa = PBXVariantGroup;
			children = (
				83B7941B1B7DCE5F00F4544E /* Base */,
			);
			name = PWMainMenu.xib;
			sourceTree = "<group>";
		};
/* End PBXVariantGroup section */

/* Begin XCBuildConfiguration section */
		83B794341B7DCE5F00F4544E /* Debug */ = {
			isa = XCBuildConfiguration;
			buildSettings = {
				ALWAYS_SEARCH_USER_PATHS = NO;
				CLANG_CXX_LANGUAGE_STANDARD = "gnu++0x";
				CLANG_CXX_LIBRARY = "libc++";
				CLANG_ENABLE_MODULES = YES;
				CLANG_ENABLE_OBJC_ARC = YES;
				CLANG_WARN_BOOL_CONVERSION = YES;
				CLANG_WARN_CONSTANT_CONVERSION = YES;
				CLANG_WARN_DIRECT_OBJC_ISA_USAGE = YES_ERROR;
				CLANG_WARN_EMPTY_BODY = YES;
				CLANG_WARN_ENUM_CONVERSION = YES;
				CLANG_WARN_INT_CONVERSION = YES;
				CLANG_WARN_OBJC_ROOT_CLASS = YES_ERROR;
				CLANG_WARN_UNREACHABLE_CODE = YES;
				CLANG_WARN__DUPLICATE_METHOD_MATCH = YES;
				CODE_SIGN_IDENTITY = "-";
				COPY_PHASE_STRIP = NO;
				DEBUG_INFORMATION_FORMAT = dwarf;
				ENABLE_STRICT_OBJC_MSGSEND = YES;
				ENABLE_TESTABILITY = YES;
				GCC_C_LANGUAGE_STANDARD = gnu99;
				GCC_DYNAMIC_NO_PIC = NO;
				GCC_NO_COMMON_BLOCKS = YES;
				GCC_OPTIMIZATION_LEVEL = 0;
				GCC_PREPROCESSOR_DEFINITIONS = (
					"DEBUG=1",
					"$(inherited)",
				);
				GCC_WARN_64_TO_32_BIT_CONVERSION = YES;
				GCC_WARN_ABOUT_RETURN_TYPE = YES_ERROR;
				GCC_WARN_UNDECLARED_SELECTOR = YES;
				GCC_WARN_UNINITIALIZED_AUTOS = YES_AGGRESSIVE;
				GCC_WARN_UNUSED_FUNCTION = YES;
				GCC_WARN_UNUSED_VARIABLE = YES;
				MACOSX_DEPLOYMENT_TARGET = 10.10;
				MTL_ENABLE_DEBUG_INFO = YES;
				ONLY_ACTIVE_ARCH = YES;
				SDKROOT = macosx;
			};
			name = Debug;
		};
		83B794351B7DCE5F00F4544E /* Release */ = {
			isa = XCBuildConfiguration;
			buildSettings = {
				ALWAYS_SEARCH_USER_PATHS = NO;
				CLANG_CXX_LANGUAGE_STANDARD = "gnu++0x";
				CLANG_CXX_LIBRARY = "libc++";
				CLANG_ENABLE_MODULES = YES;
				CLANG_ENABLE_OBJC_ARC = YES;
				CLANG_WARN_BOOL_CONVERSION = YES;
				CLANG_WARN_CONSTANT_CONVERSION = YES;
				CLANG_WARN_DIRECT_OBJC_ISA_USAGE = YES_ERROR;
				CLANG_WARN_EMPTY_BODY = YES;
				CLANG_WARN_ENUM_CONVERSION = YES;
				CLANG_WARN_INT_CONVERSION = YES;
				CLANG_WARN_OBJC_ROOT_CLASS = YES_ERROR;
				CLANG_WARN_UNREACHABLE_CODE = YES;
				CLANG_WARN__DUPLICATE_METHOD_MATCH = YES;
				CODE_SIGN_IDENTITY = "-";
				COPY_PHASE_STRIP = NO;
				DEBUG_INFORMATION_FORMAT = "dwarf-with-dsym";
				ENABLE_NS_ASSERTIONS = NO;
				ENABLE_STRICT_OBJC_MSGSEND = YES;
				GCC_C_LANGUAGE_STANDARD = gnu99;
				GCC_NO_COMMON_BLOCKS = YES;
				GCC_WARN_64_TO_32_BIT_CONVERSION = YES;
				GCC_WARN_ABOUT_RETURN_TYPE = YES_ERROR;
				GCC_WARN_UNDECLARED_SELECTOR = YES;
				GCC_WARN_UNINITIALIZED_AUTOS = YES_AGGRESSIVE;
				GCC_WARN_UNUSED_FUNCTION = YES;
				GCC_WARN_UNUSED_VARIABLE = YES;
				MACOSX_DEPLOYMENT_TARGET = 10.10;
				MTL_ENABLE_DEBUG_INFO = NO;
				SDKROOT = macosx;
			};
			name = Release;
		};
		83B794371B7DCE5F00F4544E /* Debug */ = {
			isa = XCBuildConfiguration;
			buildSettings = {
				ASSETCATALOG_COMPILER_APPICON_NAME = AppIcon;
				CODE_SIGN_ENTITLEMENTS = PureWiki/PureWiki.entitlements;
				CODE_SIGN_IDENTITY = "Mac Developer";
				"CODE_SIGN_IDENTITY[sdk=macosx*]" = "Mac Developer";
				COMBINE_HIDPI_IMAGES = YES;
				ENABLE_STRICT_OBJC_MSGSEND = NO;
				INFOPLIST_FILE = PureWiki/Info.plist;
				LD_RUNPATH_SEARCH_PATHS = "$(inherited) @executable_path/../Frameworks";
				PRODUCT_BUNDLE_IDENTIFIER = home.bedroom.TongKuo.PureWiki;
				PRODUCT_NAME = "$(TARGET_NAME)";
				PROVISIONING_PROFILE = "";
			};
			name = Debug;
		};
		83B794381B7DCE5F00F4544E /* Release */ = {
			isa = XCBuildConfiguration;
			buildSettings = {
				ASSETCATALOG_COMPILER_APPICON_NAME = AppIcon;
				CODE_SIGN_ENTITLEMENTS = PureWiki/PureWiki.entitlements;
				CODE_SIGN_IDENTITY = "Mac Developer";
				"CODE_SIGN_IDENTITY[sdk=macosx*]" = "Mac Developer";
				COMBINE_HIDPI_IMAGES = YES;
				ENABLE_STRICT_OBJC_MSGSEND = NO;
				INFOPLIST_FILE = PureWiki/Info.plist;
				LD_RUNPATH_SEARCH_PATHS = "$(inherited) @executable_path/../Frameworks";
				PRODUCT_BUNDLE_IDENTIFIER = home.bedroom.TongKuo.PureWiki;
				PRODUCT_NAME = "$(TARGET_NAME)";
				PROVISIONING_PROFILE = "";
			};
			name = Release;
		};
		83B7943A1B7DCE5F00F4544E /* Debug */ = {
			isa = XCBuildConfiguration;
			buildSettings = {
				BUNDLE_LOADER = "$(TEST_HOST)";
				COMBINE_HIDPI_IMAGES = YES;
				INFOPLIST_FILE = PureWikiTests/Info.plist;
				LD_RUNPATH_SEARCH_PATHS = "$(inherited) @executable_path/../Frameworks @loader_path/../Frameworks";
				PRODUCT_BUNDLE_IDENTIFIER = home.bedroom.TongKuo.PureWikiTests;
				PRODUCT_NAME = "$(TARGET_NAME)";
				TEST_HOST = "$(BUILT_PRODUCTS_DIR)/PureWiki.app/Contents/MacOS/PureWiki";
			};
			name = Debug;
		};
		83B7943B1B7DCE5F00F4544E /* Release */ = {
			isa = XCBuildConfiguration;
			buildSettings = {
				BUNDLE_LOADER = "$(TEST_HOST)";
				COMBINE_HIDPI_IMAGES = YES;
				INFOPLIST_FILE = PureWikiTests/Info.plist;
				LD_RUNPATH_SEARCH_PATHS = "$(inherited) @executable_path/../Frameworks @loader_path/../Frameworks";
				PRODUCT_BUNDLE_IDENTIFIER = home.bedroom.TongKuo.PureWikiTests;
				PRODUCT_NAME = "$(TARGET_NAME)";
				TEST_HOST = "$(BUILT_PRODUCTS_DIR)/PureWiki.app/Contents/MacOS/PureWiki";
			};
			name = Release;
		};
		83B7943D1B7DCE5F00F4544E /* Debug */ = {
			isa = XCBuildConfiguration;
			buildSettings = {
				COMBINE_HIDPI_IMAGES = YES;
				INFOPLIST_FILE = PureWikiUITests/Info.plist;
				LD_RUNPATH_SEARCH_PATHS = "$(inherited) @executable_path/../Frameworks @loader_path/../Frameworks";
				PRODUCT_BUNDLE_IDENTIFIER = home.bedroom.TongKuo.PureWikiUITests;
				PRODUCT_NAME = "$(TARGET_NAME)";
				TEST_TARGET_NAME = PureWiki;
				USES_XCTRUNNER = YES;
			};
			name = Debug;
		};
		83B7943E1B7DCE5F00F4544E /* Release */ = {
			isa = XCBuildConfiguration;
			buildSettings = {
				COMBINE_HIDPI_IMAGES = YES;
				INFOPLIST_FILE = PureWikiUITests/Info.plist;
				LD_RUNPATH_SEARCH_PATHS = "$(inherited) @executable_path/../Frameworks @loader_path/../Frameworks";
				PRODUCT_BUNDLE_IDENTIFIER = home.bedroom.TongKuo.PureWikiUITests;
				PRODUCT_NAME = "$(TARGET_NAME)";
				TEST_TARGET_NAME = PureWiki;
				USES_XCTRUNNER = YES;
			};
			name = Release;
		};
/* End XCBuildConfiguration section */

/* Begin XCConfigurationList section */
		83B7940A1B7DCE5F00F4544E /* Build configuration list for PBXProject "PureWiki" */ = {
			isa = XCConfigurationList;
			buildConfigurations = (
				83B794341B7DCE5F00F4544E /* Debug */,
				83B794351B7DCE5F00F4544E /* Release */,
			);
			defaultConfigurationIsVisible = 0;
			defaultConfigurationName = Release;
		};
		83B794361B7DCE5F00F4544E /* Build configuration list for PBXNativeTarget "PureWiki" */ = {
			isa = XCConfigurationList;
			buildConfigurations = (
				83B794371B7DCE5F00F4544E /* Debug */,
				83B794381B7DCE5F00F4544E /* Release */,
			);
			defaultConfigurationIsVisible = 0;
			defaultConfigurationName = Release;
		};
		83B794391B7DCE5F00F4544E /* Build configuration list for PBXNativeTarget "PureWikiTests" */ = {
			isa = XCConfigurationList;
			buildConfigurations = (
				83B7943A1B7DCE5F00F4544E /* Debug */,
				83B7943B1B7DCE5F00F4544E /* Release */,
			);
			defaultConfigurationIsVisible = 0;
			defaultConfigurationName = Release;
		};
		83B7943C1B7DCE5F00F4544E /* Build configuration list for PBXNativeTarget "PureWikiUITests" */ = {
			isa = XCConfigurationList;
			buildConfigurations = (
				83B7943D1B7DCE5F00F4544E /* Debug */,
				83B7943E1B7DCE5F00F4544E /* Release */,
			);
			defaultConfigurationIsVisible = 0;
			defaultConfigurationName = Release;
		};
/* End XCConfigurationList section */
	};
	rootObject = 83B794071B7DCE5F00F4544E /* Project object */;
}
